<?xml version="1.0" encoding="utf-8"?>
<Project ToolsVersion="4.0" xmlns="http://schemas.microsoft.com/developer/msbuild/2003">
  <ItemGroup>
    <ClCompile Include="delegate_test.cpp" />
    <ClCompile Include="framwork_test.cpp" />
    <ClCompile Include="interface_test.cpp" />
    <ClCompile Include="hashmap_test.cpp" />
    <ClCompile Include="inlinevec_test.cpp" />
    <ClCompile Include="main.cpp" />
    <ClCompile Include="ringbuffer_test.cpp" />
    <ClCompile Include="string_util_test.cpp" />
    <ClCompile Include="freelist_test.cpp" />
    <ClCompile Include="handle_test.cpp" />
    <ClCompile Include="maputil_test.cpp" />
    <ClCompile Include="pool_allocator_test.cpp" />
    <ClCompile Include="scripting_test.cpp" />
    <ClCompile Include="asset_file_watcher_test.cpp" />
    <ClCompile Include="scripting_manager_test.cpp" />
    <ClCompile Include="scripting_classreg_test.cpp" />
    <ClCompile Include="scripting_lua_dispatch_test.cpp" />
    <ClCompile Include="lua_transform_test.cpp" />
    <ClCompile Include="lua_vec_quat_test.cpp" />
    <ClCompile Include="bike_ai_test.cpp" />
    <ClCompile Include="twobone_ik_test.cpp" />
    <ClCompile Include="blend_space_math_test.cpp" />
    <ClCompile Include="stringname_test.cpp" />
    <ClCompile Include="enum_reflection_test.cpp" />
    <ClCompile Include="scripting_lua_component_reflection_test.cpp" />
    <ClCompile Include="crash_dump_smoke_test.cpp" />
    <ClCompile Include="legacy_gl_calls_test.cpp" />
  </ItemGroup>
  <ItemGroup>
    <ClInclude Include="Unittest.h" />
  </ItemGroup>
</Project>