<?xml version="1.0" encoding="utf-8"?>
<Project ToolsVersion="4.0" xmlns="http://schemas.microsoft.com/developer/msbuild/2003">
  <ItemGroup>
    <ClCompile Include="delegate_test.cpp" />
    <ClCompile Include="framwork_test.cpp" />
    <ClCompile Include="hashmap_test.cpp" />
    <ClCompile Include="inlinevec_test.cpp" />
    <ClCompile Include="main.cpp" />
    <ClCompile Include="ringbuffer_test.cpp" />
    <ClCompile Include="string_util_test.cpp" />
    <ClCompile Include="freelist_test.cpp" />
    <ClCompile Include="handle_test.cpp" />
    <ClCompile Include="maputil_test.cpp" />
    <ClCompile Include="pool_allocator_test.cpp" />
    <ClCompile Include="scripting_test.cpp" />
  </ItemGroup>
  <ItemGroup>
    <ClInclude Include="Unittest.h" />
  </ItemGroup>
</Project>