<?xml version="1.0" encoding="utf-8"?>
<Project ToolsVersion="4.0" xmlns="http://schemas.microsoft.com/developer/msbuild/2003">
  <ItemGroup>
    <Filter Include="Source">
      <UniqueIdentifier>{32c30d61-581a-47a3-8c34-ff1de5128ecb}</UniqueIdentifier>
    </Filter>
    <Filter Include="Source\Framework">
      <UniqueIdentifier>{ef5cbbb3-c285-4e2b-a220-4dda0c2ad580}</UniqueIdentifier>
    </Filter>
    <Filter Include="Source\Animation">
      <UniqueIdentifier>{3d732538-cb95-4dad-9ffc-135991d6c214}</UniqueIdentifier>
    </Filter>
    <Filter Include="Source\Animation\Editor">
      <UniqueIdentifier>{d8fa6c03-cbff-4480-a6f0-9c75feb9afbc}</UniqueIdentifier>
    </Filter>
    <Filter Include="Source\Animation\Runtime">
      <UniqueIdentifier>{433d724c-7600-47d9-9b29-01e60befd274}</UniqueIdentifier>
    </Filter>
    <Filter Include="Source\External">
      <UniqueIdentifier>{5a5346fb-bd44-4cb3-9177-8d10a346476a}</UniqueIdentifier>
    </Filter>
    <Filter Include="Source\Render">
      <UniqueIdentifier>{be5d62a0-07f0-4721-9751-dbc16c6355bc}</UniqueIdentifier>
    </Filter>
    <Filter Include="Source\Game">
      <UniqueIdentifier>{452eb327-c33b-4d63-ab04-3c80f2a32508}</UniqueIdentifier>
    </Filter>
    <Filter Include="Source\Physics">
      <UniqueIdentifier>{9b65b38e-a7e6-4190-b11f-ea2271b81792}</UniqueIdentifier>
    </Filter>
    <Filter Include="Source\Physics\Editor">
      <UniqueIdentifier>{119307ff-0cdd-49ad-8a28-3855ef65629d}</UniqueIdentifier>
    </Filter>
    <Filter Include="Source\AssetCompile">
      <UniqueIdentifier>{1568a8a7-6fa8-4782-a7f4-7723b9e79593}</UniqueIdentifier>
    </Filter>
    <Filter Include="Source\Particles">
      <UniqueIdentifier>{2b346765-d73a-4880-bb21-c71a7101ecbc}</UniqueIdentifier>
    </Filter>
    <Filter Include="Source\Render\Editor">
      <UniqueIdentifier>{cf8e1b25-fcf4-4fec-a387-c9537dd0ce18}</UniqueIdentifier>
    </Filter>
    <Filter Include="Source\LevelEditor">
      <UniqueIdentifier>{39dc0eba-3592-4a90-85c5-7d4758977354}</UniqueIdentifier>
    </Filter>
    <Filter Include="Source\Framework\Render">
      <UniqueIdentifier>{e4a8ee42-4202-461c-b21c-125dd955e5e6}</UniqueIdentifier>
    </Filter>
    <Filter Include="Source\Framework\Containers">
      <UniqueIdentifier>{a306bb3e-66bd-4c4c-954d-35499d528260}</UniqueIdentifier>
    </Filter>
    <Filter Include="Source\Framework\Editor">
      <UniqueIdentifier>{16da7ef5-e3c3-4541-9e27-fcc1fa42cc72}</UniqueIdentifier>
    </Filter>
    <Filter Include="Source\Asset">
      <UniqueIdentifier>{26fb727a-7dcf-45e8-9269-4b240ca067f4}</UniqueIdentifier>
    </Filter>
    <Filter Include="Source\Animation\Runtime\ValueNode">
      <UniqueIdentifier>{8af99ab6-1a95-4d41-8116-cf4777c60443}</UniqueIdentifier>
    </Filter>
    <Filter Include="Source\Game\Editor">
      <UniqueIdentifier>{41d11b73-e30f-4a8d-85c3-c8a5ea138cbd}</UniqueIdentifier>
    </Filter>
    <Filter Include="Source\Game\Components">
      <UniqueIdentifier>{4efdd015-6f44-40e3-bfe6-7198efa7ec88}</UniqueIdentifier>
    </Filter>
    <Filter Include="Source\Framework\ReflectionSys">
      <UniqueIdentifier>{de91ffb3-c3ce-49d7-abd6-cc2ffe855377}</UniqueIdentifier>
    </Filter>
    <Filter Include="Source\Framework\PropertyGridSys">
      <UniqueIdentifier>{7e5d1629-0694-4d1c-91aa-915790827e75}</UniqueIdentifier>
    </Filter>
    <Filter Include="Source\Framework\ClassSystem">
      <UniqueIdentifier>{b3c98808-983c-48f8-954f-1ccdc9dd0657}</UniqueIdentifier>
    </Filter>
    <Filter Include="Source\Framework\Memory">
      <UniqueIdentifier>{4555f275-334c-4727-832c-d1467cad3d14}</UniqueIdentifier>
    </Filter>
    <Filter Include="Source\LevelEditor\Commands">
      <UniqueIdentifier>{37f4b120-00f7-420e-b33d-231eea4510a8}</UniqueIdentifier>
    </Filter>
    <Filter Include="Source\Render\Public">
      <UniqueIdentifier>{37d87765-abeb-4ca0-b068-b78944958bb1}</UniqueIdentifier>
    </Filter>
    <Filter Include="Source\Sound">
      <UniqueIdentifier>{1dffa3ed-3d1c-437a-872e-c993b673a060}</UniqueIdentifier>
    </Filter>
  </ItemGroup>
  <ItemGroup>
    <ClInclude Include="Source\CamData.h">
      <Filter>Source</Filter>
    </ClInclude>
    <ClInclude Include="Source\Client.h">
      <Filter>Source</Filter>
    </ClInclude>
    <ClInclude Include="Source\Connection.h">
      <Filter>Source</Filter>
    </ClInclude>
    <ClInclude Include="Source\EmulatedSocket.h">
      <Filter>Source</Filter>
    </ClInclude>
    <ClInclude Include="Source\GameEngineLocal.h">
      <Filter>Source</Filter>
    </ClInclude>
    <ClInclude Include="Source\GlmInclude.h">
      <Filter>Source</Filter>
    </ClInclude>
    <ClInclude Include="Source\Level.h">
      <Filter>Source</Filter>
    </ClInclude>
    <ClInclude Include="Source\Local.h">
      <Filter>Source</Filter>
    </ClInclude>
    <ClInclude Include="Source\Net.h">
      <Filter>Source</Filter>
    </ClInclude>
    <ClInclude Include="Source\Server.h">
      <Filter>Source</Filter>
    </ClInclude>
    <ClInclude Include="Source\Socket.h">
      <Filter>Source</Filter>
    </ClInclude>
    <ClInclude Include="Source\Types.h">
      <Filter>Source</Filter>
    </ClInclude>
    <ClInclude Include="Source\Framework\AddClassToFactory.h">
      <Filter>Source\Framework</Filter>
    </ClInclude>
    <ClInclude Include="Source\Framework\Bytepacker.h">
      <Filter>Source\Framework</Filter>
    </ClInclude>
    <ClInclude Include="Source\Framework\Config.h">
      <Filter>Source\Framework</Filter>
    </ClInclude>
    <ClInclude Include="Source\Framework\ExpressionLang.h">
      <Filter>Source\Framework</Filter>
    </ClInclude>
    <ClInclude Include="Source\Framework\Factory.h">
      <Filter>Source\Framework</Filter>
    </ClInclude>
    <ClInclude Include="Source\Framework\Handle.h">
      <Filter>Source\Framework</Filter>
    </ClInclude>
    <ClInclude Include="Source\Framework\MathLib.h">
      <Filter>Source\Framework</Filter>
    </ClInclude>
    <ClInclude Include="Source\Framework\MyImguiLib.h">
      <Filter>Source\Framework</Filter>
    </ClInclude>
    <ClInclude Include="Source\Framework\ScriptValue.h">
      <Filter>Source\Framework</Filter>
    </ClInclude>
    <ClInclude Include="Source\Framework\StringName.h">
      <Filter>Source\Framework</Filter>
    </ClInclude>
    <ClInclude Include="Source\Framework\StringUtil.h">
      <Filter>Source\Framework</Filter>
    </ClInclude>
    <ClInclude Include="Source\Animation\AnimationTreePublic.h">
      <Filter>Source\Animation</Filter>
    </ClInclude>
    <ClInclude Include="Source\Animation\AnimationTypes.h">
      <Filter>Source\Animation</Filter>
    </ClInclude>
    <ClInclude Include="Source\Animation\AnimationUtil.h">
      <Filter>Source\Animation</Filter>
    </ClInclude>
    <ClInclude Include="Source\Animation\Editor\AnimationGraphEditor.h">
      <Filter>Source\Animation\Editor</Filter>
    </ClInclude>
    <ClInclude Include="Source\Animation\Editor\AnimationGraphEditorPublic.h">
      <Filter>Source\Animation\Editor</Filter>
    </ClInclude>
    <ClInclude Include="Source\Animation\Editor\Base_node.h">
      <Filter>Source\Animation\Editor</Filter>
    </ClInclude>
    <ClInclude Include="Source\Animation\Editor\Basic_nodes.h">
      <Filter>Source\Animation\Editor</Filter>
    </ClInclude>
    <ClInclude Include="Source\Animation\Editor\Blendspace_nodes.h">
      <Filter>Source\Animation\Editor</Filter>
    </ClInclude>
    <ClInclude Include="Source\Animation\Editor\Root_node.h">
      <Filter>Source\Animation\Editor</Filter>
    </ClInclude>
    <ClInclude Include="Source\Animation\Editor\State_node.h">
      <Filter>Source\Animation\Editor</Filter>
    </ClInclude>
    <ClInclude Include="Source\Animation\Editor\Statemachine_node.h">
      <Filter>Source\Animation\Editor</Filter>
    </ClInclude>
    <ClInclude Include="Source\Animation\Runtime\Animation.h">
      <Filter>Source\Animation\Runtime</Filter>
    </ClInclude>
    <ClInclude Include="Source\Animation\Runtime\AnimationTreeLocal.h">
      <Filter>Source\Animation\Runtime</Filter>
    </ClInclude>
    <ClInclude Include="Source\External\cgltf.h">
      <Filter>Source\External</Filter>
    </ClInclude>
    <ClInclude Include="Source\External\imconfig.h">
      <Filter>Source\External</Filter>
    </ClInclude>
    <ClInclude Include="Source\External\imgui.h">
      <Filter>Source\External</Filter>
    </ClInclude>
    <ClInclude Include="Source\External\imgui_impl_opengl3.h">
      <Filter>Source\External</Filter>
    </ClInclude>
    <ClInclude Include="Source\External\imgui_impl_opengl3_loader.h">
      <Filter>Source\External</Filter>
    </ClInclude>
    <ClInclude Include="Source\External\imgui_impl_sdl2.h">
      <Filter>Source\External</Filter>
    </ClInclude>
    <ClInclude Include="Source\External\imgui_internal.h">
      <Filter>Source\External</Filter>
    </ClInclude>
    <ClInclude Include="Source\External\imnodes.h">
      <Filter>Source\External</Filter>
    </ClInclude>
    <ClInclude Include="Source\External\imnodes_internal.h">
      <Filter>Source\External</Filter>
    </ClInclude>
    <ClInclude Include="Source\External\ImSequencer.h">
      <Filter>Source\External</Filter>
    </ClInclude>
    <ClInclude Include="Source\External\imstb_rectpack.h">
      <Filter>Source\External</Filter>
    </ClInclude>
    <ClInclude Include="Source\External\imstb_textedit.h">
      <Filter>Source\External</Filter>
    </ClInclude>
    <ClInclude Include="Source\External\imstb_truetype.h">
      <Filter>Source\External</Filter>
    </ClInclude>
    <ClInclude Include="Source\External\json.hpp">
      <Filter>Source\External</Filter>
    </ClInclude>
    <ClInclude Include="Source\External\stb_image.h">
      <Filter>Source\External</Filter>
    </ClInclude>
    <ClInclude Include="Source\External\stb_image_write.h">
      <Filter>Source\External</Filter>
    </ClInclude>
    <ClInclude Include="Source\External\tiny_gltf.h">
      <Filter>Source\External</Filter>
    </ClInclude>
    <ClInclude Include="Source\External\glad\glad.h">
      <Filter>Source\External</Filter>
    </ClInclude>
    <ClInclude Include="Source\External\KHR\khrplatform.h">
      <Filter>Source\External</Filter>
    </ClInclude>
    <ClInclude Include="Source\Framework\Util.h">
      <Filter>Source\Framework</Filter>
    </ClInclude>
    <ClInclude Include="Source\Debug.h">
      <Filter>Source</Filter>
    </ClInclude>
    <ClInclude Include="Source\Animation\Runtime\Statemachine_cfg.h">
      <Filter>Source\Animation\Runtime</Filter>
    </ClInclude>
    <ClInclude Include="Source\Animation\Runtime\Percentage.h">
      <Filter>Source\Animation\Runtime</Filter>
    </ClInclude>
    <ClInclude Include="Source\Animation\Runtime\SyncTime.h">
      <Filter>Source\Animation\Runtime</Filter>
    </ClInclude>
    <ClInclude Include="Source\Animation\Runtime\Easing.h">
      <Filter>Source\Animation\Runtime</Filter>
    </ClInclude>
    <ClInclude Include="Source\Framework\BinaryReadWrite.h">
      <Filter>Source\Framework</Filter>
    </ClInclude>
    <ClInclude Include="Source\Animation\Event.h">
      <Filter>Source\Animation</Filter>
    </ClInclude>
    <ClInclude Include="Source\Animation\SkeletonData.h">
      <Filter>Source\Animation</Filter>
    </ClInclude>
    <ClInclude Include="Source\AssetCompile\Compiliers.h">
      <Filter>Source\AssetCompile</Filter>
    </ClInclude>
    <ClInclude Include="Source\Framework\Files.h">
      <Filter>Source\Framework</Filter>
    </ClInclude>
    <ClInclude Include="Source\Physics\Physics2.h">
      <Filter>Source\Physics</Filter>
    </ClInclude>
    <ClInclude Include="Source\AssetCompile\Someutils.h">
      <Filter>Source\AssetCompile</Filter>
    </ClInclude>
    <ClInclude Include="Source\Particles\ParticlesPublic.h">
      <Filter>Source\Particles</Filter>
    </ClInclude>
    <ClInclude Include="Source\Particles\ParticlesLocal.h">
      <Filter>Source\Particles</Filter>
    </ClInclude>
    <ClInclude Include="Source\Framework\Rect2d.h">
      <Filter>Source\Framework</Filter>
    </ClInclude>
    <ClInclude Include="Source\EditorDocLocal.h">
      <Filter>Source\LevelEditor</Filter>
    </ClInclude>
    <ClInclude Include="Source\EditorDocPublic.h">
      <Filter>Source\LevelEditor</Filter>
    </ClInclude>
    <ClInclude Include="Source\Framework\PersistentlyMappedBuffer.h">
      <Filter>Source\Framework\Render</Filter>
    </ClInclude>
    <ClInclude Include="Source\Framework\Vs.h">
      <Filter>Source\Framework\Render</Filter>
    </ClInclude>
    <ClInclude Include="Source\Framework\MeshBuilder.h">
      <Filter>Source\Framework\Render</Filter>
    </ClInclude>
    <ClInclude Include="Source\Framework\BVH.h">
      <Filter>Source\Framework\Containers</Filter>
    </ClInclude>
    <ClInclude Include="Source\Framework\DictWriter.h">
      <Filter>Source\Framework\Containers</Filter>
    </ClInclude>
    <ClInclude Include="Source\Framework\DictParser.h">
      <Filter>Source\Framework\Containers</Filter>
    </ClInclude>
    <ClInclude Include="Source\Framework\Dict.h">
      <Filter>Source\Framework\Containers</Filter>
    </ClInclude>
    <ClInclude Include="Source\Framework\FreeList.h">
      <Filter>Source\Framework\Containers</Filter>
    </ClInclude>
    <ClInclude Include="Source\Framework\InlineVec.h">
      <Filter>Source\Framework\Containers</Filter>
    </ClInclude>
    <ClInclude Include="Source\External\ImGuizmo.h">
      <Filter>Source\External</Filter>
    </ClInclude>
    <ClInclude Include="Source\AssetCompile\ModelAssetEditorLocal.h">
      <Filter>Source\AssetCompile</Filter>
    </ClInclude>
    <ClInclude Include="Source\AssetCompile\ModelCompilierLocal.h">
      <Filter>Source\AssetCompile</Filter>
    </ClInclude>
    <ClInclude Include="Source\Framework\Curve.h">
      <Filter>Source\Framework\Editor</Filter>
    </ClInclude>
    <ClInclude Include="Source\Framework\CurveEditorImgui.h">
      <Filter>Source\Framework\Editor</Filter>
    </ClInclude>
    <ClInclude Include="Source\Game\GameAnimEvents.h">
      <Filter>Source\Game</Filter>
    </ClInclude>
    <ClInclude Include="Source\Assets\AssetBrowser.h">
      <Filter>Source\Asset</Filter>
    </ClInclude>
    <ClInclude Include="Source\IEditorTool.h">
      <Filter>Source\Asset</Filter>
    </ClInclude>
    <ClInclude Include="Source\Render\MaterialLocal.h">
      <Filter>Source\Render</Filter>
    </ClInclude>
    <ClInclude Include="Source\Render\Editor\MaterialEditorLocal.h">
      <Filter>Source\Render\Editor</Filter>
    </ClInclude>
    <ClInclude Include="Source\Game\Schema.h">
      <Filter>Source\Game</Filter>
    </ClInclude>
    <ClInclude Include="Source\Game\EntityComponent.h">
      <Filter>Source\Game</Filter>
    </ClInclude>
    <ClInclude Include="Source\Game\SerializePtrHelpers.h">
      <Filter>Source\Game</Filter>
    </ClInclude>
    <ClInclude Include="Source\Game\Components\EntityComponentTypes.h">
      <Filter>Source\Game</Filter>
    </ClInclude>
    <ClInclude Include="Source\Framework\ReflectionProp.h">
      <Filter>Source\Framework\ReflectionSys</Filter>
    </ClInclude>
    <ClInclude Include="Source\Framework\ArrayReflection.h">
      <Filter>Source\Framework\ReflectionSys</Filter>
    </ClInclude>
    <ClInclude Include="Source\Framework\ReflectionMacros.h">
      <Filter>Source\Framework\ReflectionSys</Filter>
    </ClInclude>
    <ClInclude Include="Source\Framework\PropertyEd.h">
      <Filter>Source\Framework\PropertyGridSys</Filter>
    </ClInclude>
    <ClInclude Include="Source\Framework\ClassBase.h">
      <Filter>Source\Framework\ClassSystem</Filter>
    </ClInclude>
    <ClInclude Include="Source\Framework\ObjectSerialization.h">
      <Filter>Source\Framework\ReflectionSys</Filter>
    </ClInclude>
    <ClInclude Include="Source\Framework\EnumDefReflection.h">
      <Filter>Source\Framework\ReflectionSys</Filter>
    </ClInclude>
    <ClInclude Include="Source\Framework\MemArena.h">
      <Filter>Source\Framework\Memory</Filter>
    </ClInclude>
    <ClInclude Include="Source\Framework\PoolAllocator.h">
      <Filter>Source\Framework\Memory</Filter>
    </ClInclude>
    <ClInclude Include="Source\Framework\Hashmap.h">
      <Filter>Source\Framework\Containers</Filter>
    </ClInclude>
    <ClInclude Include="Source\GameEnginePublic.h">
      <Filter>Source</Filter>
    </ClInclude>
    <ClInclude Include="Source\Framework\SubclassType.h">
      <Filter>Source\Framework\ClassSystem</Filter>
    </ClInclude>
    <ClInclude Include="Source\OsInput.h">
      <Filter>Source</Filter>
    </ClInclude>
    <ClInclude Include="Source\Framework\MulticastDelegate.h">
      <Filter>Source\Framework</Filter>
    </ClInclude>
    <ClInclude Include="Source\Game\StdEntityTypes.h">
      <Filter>Source\Game</Filter>
    </ClInclude>
    <ClInclude Include="Source\Framework\Hashset.h">
      <Filter>Source\Framework\Containers</Filter>
    </ClInclude>
    <ClInclude Include="Source\Framework\ConsolePrint.h">
      <Filter>Source\Framework</Filter>
    </ClInclude>
    <ClInclude Include="Source\Render\RenderScene.h">
      <Filter>Source\Render</Filter>
    </ClInclude>
    <ClInclude Include="Source\Render\MaterialPublic.h">
      <Filter>Source\Render\Public</Filter>
    </ClInclude>
    <ClInclude Include="Source\Render\Render_Decal.h">
      <Filter>Source\Render\Public</Filter>
    </ClInclude>
    <ClInclude Include="Source\Render\Render_Light.h">
      <Filter>Source\Render\Public</Filter>
    </ClInclude>
    <ClInclude Include="Source\Render\Render_Sun.h">
      <Filter>Source\Render\Public</Filter>
    </ClInclude>
    <ClInclude Include="Source\Render\Render_Volumes.h">
      <Filter>Source\Render\Public</Filter>
    </ClInclude>
    <ClInclude Include="Source\Render\RenderExtra.h">
      <Filter>Source\Render\Public</Filter>
    </ClInclude>
    <ClInclude Include="Source\Render\TerrainPublic.h">
      <Filter>Source\Render\Public</Filter>
    </ClInclude>
    <ClInclude Include="Source\Render\TerrainInterfaceLocal.h">
      <Filter>Source\Render</Filter>
    </ClInclude>
    <ClInclude Include="Source\Sound\SoundPublic.h">
      <Filter>Source\Sound</Filter>
    </ClInclude>
    <ClInclude Include="Source\Render\RenderFog.h">
      <Filter>Source\Render\Public</Filter>
    </ClInclude>
    <ClInclude Include="Source\Render\ParticlesPublic.h">
      <Filter>Source\Render</Filter>
    </ClInclude>
    <ClInclude Include="Source\Render\EnvProbe.h">
      <Filter>Source\Render</Filter>
    </ClInclude>
    <ClInclude Include="Source\Render\DrawLocal.h">
      <Filter>Source\Render</Filter>
    </ClInclude>
    <ClInclude Include="Source\Render\DrawTypedefs.h">
      <Filter>Source\Render</Filter>
    </ClInclude>
    <ClInclude Include="Source\Render\ParticlesLocal.h">
      <Filter>Source\Render</Filter>
    </ClInclude>
    <ClInclude Include="Source\Render\ProgramCaching.h">
      <Filter>Source\Render</Filter>
    </ClInclude>
    <ClInclude Include="Source\Game\Entities\PlayerAnimDriver.h">
      <Filter>Source\Game</Filter>
    </ClInclude>
    <ClInclude Include="Source\Game\Entity.h">
      <Filter>Source\Game</Filter>
    </ClInclude>
    <ClInclude Include="Source\Game\Entities\Player.h">
      <Filter>Source\Game</Filter>
    </ClInclude>
    <ClInclude Include="Source\Assets\AssetRegistry.h" />
    <ClInclude Include="Source\Assets\IAsset.h" />
    <ClInclude Include="Source\Render\DrawPublic.h" />
    <ClInclude Include="Source\Render\Meshlet.h" />
    <ClInclude Include="Source\Render\Model.h" />
    <ClInclude Include="Source\Render\RenderObj.h" />
    <ClInclude Include="Source\Render\Shader.h" />
    <ClInclude Include="Source\Render\Texture.h" />
    <ClInclude Include="Source\Framework\PropHashTable.h" />
    <ClInclude Include="Source\Framework\SerializerFunctions.h" />
    <ClInclude Include="Source\UI\UILoader.h" />
    <ClInclude Include="Source\UI\GUIPublic.h" />
    <ClInclude Include="Source\UI\GUILocal.h" />
    <ClInclude Include="Source\UI\Widgets\Layouts.h" />
    <ClInclude Include="Source\UI\Widgets\Interactables.h" />
    <ClInclude Include="Source\UI\Widgets\Visuals.h" />
    <ClInclude Include="Source\Game\GameMode.h" />
    <ClInclude Include="Source\UI\GUISystemPublic.h" />
    <ClInclude Include="Source\Game\WorldSettings.h" />
    <ClInclude Include="Source\Game\GameModes\MainMenuMode.h" />
    <ClInclude Include="Source\Framework\ClassTypePtr.h" />
    <ClInclude Include="Source\Game\BasePlayer.h" />
    <ClInclude Include="Source\Game\Editor\CustomComponentEditor.h" />
    <ClInclude Include="Source\Game\Components\MeshComponent.h" />
    <ClInclude Include="Source\Game\Components\LightComponents.h" />
    <ClInclude Include="Source\Game\Components\DecalComponent.h" />
    <ClInclude Include="Source\Game\Components\PhysicsComponents.h" />
    <ClInclude Include="Source\Game\Entities\MiscEntities.h" />
    <ClInclude Include="Source\Game\Components\BillboardComponent.h" />
    <ClInclude Include="Source\Game\Entities\CameraPoint.h" />
    <ClInclude Include="Source\Game\Components\SoundComponent.h" />
    <ClInclude Include="Source\MiscEditors\DataClassEditor.h" />
    <ClInclude Include="Source\MiscEditors\DataClass.h" />
    <ClInclude Include="Source\Sound\SoundLocal.h">
      <Filter>Source\Sound</Filter>
    </ClInclude>
    <ClInclude Include="Source\Physics\ChannelsAndPresets.h" />
    <ClInclude Include="Source\Game\SoftAssetPtr.h" />
    <ClInclude Include="Source\AssetCompile\SkeletonAsset.h" />
    <ClInclude Include="Source\AssetCompile\ModelAsset2.h" />
    <ClInclude Include="Source\AssetCompile\AnimAssetEditorLocal.h" />
    <ClInclude Include="Source\AssetCompile\AnimationSeqLoader.h" />
    <ClInclude Include="Source\Particles\Editor\ParticleEditorLocal.h" />
    <ClInclude Include="Source\Assets\AssetDatabase.h" />
    <ClInclude Include="Source\Game\BaseUpdater.h" />
    <ClInclude Include="Source\Game\GameMain.h" />
    <ClInclude Include="Source\Game\Components\ArrowComponent.h" />
    <ClInclude Include="Source\Input\InputAction.h" />
    <ClInclude Include="Source\Input\InputShared.h" />
    <ClInclude Include="Source\Input\InputSystem.h" />
    <ClInclude Include="Source\Game\Map.h" />
    <ClInclude Include="Source\EditorTool3d.h" />
  </ItemGroup>
  <ItemGroup>
    <ClCompile Include="Source\Client.cpp">
      <Filter>Source</Filter>
    </ClCompile>
    <ClCompile Include="Source\ClientMgr.cpp">
      <Filter>Source</Filter>
    </ClCompile>
    <ClCompile Include="Source\Connection.cpp">
      <Filter>Source</Filter>
    </ClCompile>
    <ClCompile Include="Source\Level.cpp">
      <Filter>Source</Filter>
    </ClCompile>
    <ClCompile Include="Source\Main.cpp">
      <Filter>Source</Filter>
    </ClCompile>
    <ClCompile Include="Source\Net.cpp">
      <Filter>Source</Filter>
    </ClCompile>
    <ClCompile Include="Source\Server.cpp">
      <Filter>Source</Filter>
    </ClCompile>
    <ClCompile Include="Source\ServerClMgr.cpp">
      <Filter>Source</Filter>
    </ClCompile>
    <ClCompile Include="Source\Socket.cpp">
      <Filter>Source</Filter>
    </ClCompile>
    <ClCompile Include="Source\Framework\Config.cpp">
      <Filter>Source\Framework</Filter>
    </ClCompile>
    <ClCompile Include="Source\Framework\ExpressionLang.cpp">
      <Filter>Source\Framework</Filter>
    </ClCompile>
    <ClCompile Include="Source\Framework\MyImguiLib.cpp">
      <Filter>Source\Framework</Filter>
    </ClCompile>
    <ClCompile Include="Source\Framework\StringName.cpp">
      <Filter>Source\Framework</Filter>
    </ClCompile>
    <ClCompile Include="Source\Animation\Animation_Man.cpp">
      <Filter>Source\Animation</Filter>
    </ClCompile>
    <ClCompile Include="Source\Animation\AnimationUtil.cpp">
      <Filter>Source\Animation</Filter>
    </ClCompile>
    <ClCompile Include="Source\Animation\Editor\AnimationGraphEditor.cpp">
      <Filter>Source\Animation\Editor</Filter>
    </ClCompile>
    <ClCompile Include="Source\Animation\Editor\State_node.cpp">
      <Filter>Source\Animation\Editor</Filter>
    </ClCompile>
    <ClCompile Include="Source\Animation\Editor\Statemachine_node.cpp">
      <Filter>Source\Animation\Editor</Filter>
    </ClCompile>
    <ClCompile Include="Source\Animation\Runtime\Animation.cpp">
      <Filter>Source\Animation\Runtime</Filter>
    </ClCompile>
    <ClCompile Include="Source\Animation\Runtime\AnimationTreeLocal.cpp">
      <Filter>Source\Animation\Runtime</Filter>
    </ClCompile>
    <ClCompile Include="Source\External\glad.c">
      <Filter>Source\External</Filter>
    </ClCompile>
    <ClCompile Include="Source\External\imgui.cpp">
      <Filter>Source\External</Filter>
    </ClCompile>
    <ClCompile Include="Source\External\imgui_demo.cpp">
      <Filter>Source\External</Filter>
    </ClCompile>
    <ClCompile Include="Source\External\imgui_draw.cpp">
      <Filter>Source\External</Filter>
    </ClCompile>
    <ClCompile Include="Source\External\imgui_impl_opengl3.cpp">
      <Filter>Source\External</Filter>
    </ClCompile>
    <ClCompile Include="Source\External\imgui_impl_sdl2.cpp">
      <Filter>Source\External</Filter>
    </ClCompile>
    <ClCompile Include="Source\External\imgui_tables.cpp">
      <Filter>Source\External</Filter>
    </ClCompile>
    <ClCompile Include="Source\External\imgui_widgets.cpp">
      <Filter>Source\External</Filter>
    </ClCompile>
    <ClCompile Include="Source\External\imnodes.cpp">
      <Filter>Source\External</Filter>
    </ClCompile>
    <ClCompile Include="Source\External\ImSequencer.cpp">
      <Filter>Source\External</Filter>
    </ClCompile>
    <ClCompile Include="Source\Framework\Profilier.cpp">
      <Filter>Source\Framework</Filter>
    </ClCompile>
    <ClCompile Include="Source\Animation\Editor\EdNode.cpp">
      <Filter>Source\Animation\Editor</Filter>
    </ClCompile>
    <ClCompile Include="Source\Animation\Runtime\Statemachine_cfg.cpp">
      <Filter>Source\Animation\Runtime</Filter>
    </ClCompile>
    <ClCompile Include="Source\AssetCompile\ModelCompilier.cpp">
      <Filter>Source\AssetCompile</Filter>
    </ClCompile>
    <ClCompile Include="Source\Physics\Physics2.cpp">
      <Filter>Source\Physics</Filter>
    </ClCompile>
    <ClCompile Include="Source\EditorDoc.cpp">
      <Filter>Source\LevelEditor</Filter>
    </ClCompile>
    <ClCompile Include="Source\Framework\PersistentlyMappedBuffer.cpp">
      <Filter>Source\Framework\Render</Filter>
    </ClCompile>
    <ClCompile Include="Source\Framework\MeshBuilder.cpp">
      <Filter>Source\Framework\Render</Filter>
    </ClCompile>
    <ClCompile Include="Source\Framework\BVHBuild.cpp">
      <Filter>Source\Framework\Containers</Filter>
    </ClCompile>
    <ClCompile Include="Source\Framework\DictParser.cpp">
      <Filter>Source\Framework\Containers</Filter>
    </ClCompile>
    <ClCompile Include="Source\External\ImGuizmo.cpp">
      <Filter>Source\External</Filter>
    </ClCompile>
    <ClCompile Include="Source\AssetCompile\ModelAssetEditorLocal.cpp">
      <Filter>Source\AssetCompile</Filter>
    </ClCompile>
    <ClCompile Include="Source\Framework\CurveEditorImgui.cpp">
      <Filter>Source\Framework\Editor</Filter>
    </ClCompile>
    <ClCompile Include="Source\Animation\Editor\Sequencetemp.cpp" />
    <ClCompile Include="Source\Animation\Event.cpp">
      <Filter>Source\Animation</Filter>
    </ClCompile>
    <ClCompile Include="Source\Game\GameAnimEvents.cpp">
      <Filter>Source\Game</Filter>
    </ClCompile>
    <ClCompile Include="Source\Assets\CurveAsset.cpp" />
    <ClCompile Include="Source\Assets\AssetRegistry.cpp">
      <Filter>Source\Asset</Filter>
    </ClCompile>
    <ClCompile Include="Source\Assets\AssetBrowser.cpp">
      <Filter>Source\Asset</Filter>
    </ClCompile>
    <ClCompile Include="Source\IEditorTool.cpp">
      <Filter>Source\Asset</Filter>
    </ClCompile>
    <ClCompile Include="Source\Render\MaterialLocal.cpp">
      <Filter>Source\Render</Filter>
    </ClCompile>
    <ClCompile Include="Source\Animation\Editor\SerializersAndPropEds.cpp">
      <Filter>Source\Animation\Editor</Filter>
    </ClCompile>
    <ClCompile Include="Source\Framework\Sequencer.cpp">
      <Filter>Source\Framework\Editor</Filter>
    </ClCompile>
    <ClCompile Include="Source\Game\Schema.cpp">
      <Filter>Source\Game</Filter>
    </ClCompile>
    <ClCompile Include="Source\Game\SerializePtrHelpers.cpp">
      <Filter>Source\Game</Filter>
    </ClCompile>
    <ClCompile Include="Source\Assets\IAsset.cpp">
      <Filter>Source\Asset</Filter>
    </ClCompile>
    <ClCompile Include="Source\Framework\ReflectionProp.cpp">
      <Filter>Source\Framework\ReflectionSys</Filter>
    </ClCompile>
    <ClCompile Include="Source\Framework\PropertyEd.cpp">
      <Filter>Source\Framework\PropertyGridSys</Filter>
    </ClCompile>
    <ClCompile Include="Source\Framework\ClassBase.cpp">
      <Filter>Source\Framework\ClassSystem</Filter>
    </ClCompile>
    <ClCompile Include="Source\Framework\EnumDefReflection.cpp">
      <Filter>Source\Framework\ReflectionSys</Filter>
    </ClCompile>
    <ClCompile Include="Source\Game\EntityComponent.cpp">
      <Filter>Source\Game</Filter>
    </ClCompile>
    <ClCompile Include="Source\Game\Components\LightComponents.cpp">
      <Filter>Source\Game</Filter>
    </ClCompile>
    <ClCompile Include="Source\Render\TerrainComponent.cpp">
      <Filter>Source\Game\Components</Filter>
    </ClCompile>
    <ClCompile Include="Source\Game\Components\FogComponent.cpp">
      <Filter>Source\Game\Components</Filter>
    </ClCompile>
    <ClCompile Include="Source\Framework\Files.cpp">
      <Filter>Source\Framework</Filter>
    </ClCompile>
    <ClCompile Include="Source\Render\Draw.cpp">
      <Filter>Source\Render</Filter>
    </ClCompile>
    <ClCompile Include="Source\Render\DrawLocal.cpp">
      <Filter>Source\Render</Filter>
    </ClCompile>
    <ClCompile Include="Source\Render\EnvProbe.cpp">
      <Filter>Source\Render</Filter>
    </ClCompile>
    <ClCompile Include="Source\Game\Entities\PlayerAnimDriver.cpp">
      <Filter>Source\Game</Filter>
    </ClCompile>
    <ClCompile Include="Source\Game\Entity.cpp">
      <Filter>Source\Game</Filter>
    </ClCompile>
    <ClCompile Include="Source\Render\Ssao.cpp">
      <Filter>Source\Render</Filter>
    </ClCompile>
    <ClCompile Include="Source\Render\Texture.cpp">
      <Filter>Source\Render</Filter>
    </ClCompile>
    <ClCompile Include="Source\Render\Volumetricfog.cpp">
      <Filter>Source\Render</Filter>
    </ClCompile>
    <ClCompile Include="Source\Game\Game.cpp">
      <Filter>Source\Game</Filter>
    </ClCompile>
    <ClCompile Include="Source\Game\Entities\Player.cpp">
      <Filter>Source\Game</Filter>
    </ClCompile>
    <ClCompile Include="Source\Render\Shader.cpp">
      <Filter>Source\Render</Filter>
    </ClCompile>
    <ClCompile Include="Source\Render\Shadowmap.cpp">
      <Filter>Source\Render</Filter>
    </ClCompile>
    <ClCompile Include="Source\Render\Model.cpp">
      <Filter>Source\Render</Filter>
    </ClCompile>
    <ClCompile Include="Source\Render\Particles.cpp">
      <Filter>Source\Render</Filter>
    </ClCompile>
    <ClCompile Include="Source\Render\Meshlet.cpp" />
    <ClCompile Include="Source\Framework\ReflectionSerializationBin.cpp" />
    <ClCompile Include="Source\UI\UILoader.cpp" />
    <ClCompile Include="Source\UI\GUILocal.cpp" />
    <ClCompile Include="Source\Game\GameMode.cpp" />
    <ClCompile Include="Source\Framework\ClassTypePtr.cpp" />
    <ClCompile Include="Source\Game\Editor\CustomComponentEditors.cpp" />
    <ClCompile Include="Source\Game\Components\MeshComponent.cpp" />
    <ClCompile Include="Source\Game\Components\DecalComponent.cpp" />
    <ClCompile Include="Source\Game\Components\PhysicsComponents.cpp" />
    <ClCompile Include="Source\Game\StdEntityTypes.cpp" />
    <ClCompile Include="Source\Game\WorldSettings.cpp" />
    <ClCompile Include="Source\Game\Entities\MiscEntities.cpp" />
    <ClCompile Include="Source\Game\GameModes\MainMenuMode.cpp" />
    <ClCompile Include="Source\Game\Components\BillboardComponent.cpp" />
    <ClCompile Include="Source\Game\Entities\CameraPoint.cpp" />
    <ClCompile Include="Source\Sound\SoundLocal.cpp" />
    <ClCompile Include="Source\MiscEditors\DataClassEditor.cpp" />
    <ClCompile Include="Source\MiscEditors\DataClass.cpp" />
    <ClCompile Include="Source\Physics\ChannelsAndPresets.cpp" />
    <ClCompile Include="Source\AssetCompile\SkeletonAsset.cpp" />
    <ClCompile Include="Source\AssetCompile\ModelAsset2.cpp" />
    <ClCompile Include="Source\AssetCompile\AnimAssetEditorLocal.cpp" />
    <ClCompile Include="Source\AssetCompile\AnimationSeqLoader.cpp" />
    <ClCompile Include="Source\Render\Editor\MaterialEditorLocal.cpp" />
    <ClCompile Include="Source\Particles\Editor\ParticleEditorLocal.cpp" />
    <ClCompile Include="Source\Particles\ParticlesLocal.cpp" />
    <ClCompile Include="Source\Assets\AssetDatabase.cpp" />
    <ClCompile Include="Source\Game\BaseUpdater.cpp" />
    <ClCompile Include="Source\Framework\Hashset.cpp">
      <Filter>Source\Framework\Containers</Filter>
    </ClCompile>
    <ClCompile Include="Source\Game\GameMain.cpp" />
    <ClCompile Include="Source\Game\Components\ArrowComponent.cpp" />
    <ClCompile Include="Source\Input\InputSystem.cpp" />
    <ClCompile Include="Source\EditorTool3d.cpp" />
  </ItemGroup>
</Project>