<?xml version="1.0" encoding="utf-8"?>
<Project ToolsVersion="4.0" xmlns="http://schemas.microsoft.com/developer/msbuild/2003">
  <ItemGroup>
    <Filter Include="fps">
      <UniqueIdentifier>{b00e5779-12a4-57be-9227-82a4fa56643a}</UniqueIdentifier>
    </Filter>
    <Filter Include="bike">
      <UniqueIdentifier>{c11f6880-23b5-68cf-a338-93b5fb67754b}</UniqueIdentifier>
    </Filter>
  </ItemGroup>
  <ItemGroup>
    <ClCompile Include="fps\fpsApp.cpp">
      <Filter>fps</Filter>
    </ClCompile>
    <ClCompile Include="fps\fpsDebugCamera.cpp">
      <Filter>fps</Filter>
    </ClCompile>
    <ClCompile Include="fps\AnimGraphTester.cpp">
      <Filter>fps</Filter>
    </ClCompile>
    <ClCompile Include="fps\AnimGraphTesterEditorUI.cpp">
      <Filter>fps</Filter>
    </ClCompile>
    <ClCompile Include="fps\fpsObjects.cpp">
      <Filter>fps</Filter>
    </ClCompile>
    <ClCompile Include="fps\fpsTestObjects.cpp">
      <Filter>fps</Filter>
    </ClCompile>
    <ClCompile Include="bike\BikeAI.cpp">
      <Filter>bike</Filter>
    </ClCompile>
    <ClCompile Include="bike\BikeApplication.cpp">
      <Filter>bike</Filter>
    </ClCompile>
    <ClCompile Include="bike\BikeApplication_AIDebug.cpp">
      <Filter>bike</Filter>
    </ClCompile>
    <ClCompile Include="bike\BikeApplication_Debug.cpp">
      <Filter>bike</Filter>
    </ClCompile>
    <ClCompile Include="bike\BikeApplication_Pack.cpp">
      <Filter>bike</Filter>
    </ClCompile>
    <ClCompile Include="bike\BikeApplication_Player.cpp">
      <Filter>bike</Filter>
    </ClCompile>
    <ClCompile Include="bike\BikeCamera.cpp">
      <Filter>bike</Filter>
    </ClCompile>
    <ClCompile Include="bike\BikeCourse.cpp">
      <Filter>bike</Filter>
    </ClCompile>
    <ClCompile Include="bike\BikeCourseDebug.cpp">
      <Filter>bike</Filter>
    </ClCompile>
    <ClCompile Include="bike\BikeCourseHardcoded.cpp">
      <Filter>bike</Filter>
    </ClCompile>
    <ClCompile Include="bike\BikeCourseHilly.cpp">
      <Filter>bike</Filter>
    </ClCompile>
    <ClCompile Include="bike\BikeCourseMesh.cpp">
      <Filter>bike</Filter>
    </ClCompile>
    <ClCompile Include="bike\BikeCourseRacingLine.cpp">
      <Filter>bike</Filter>
    </ClCompile>
    <ClCompile Include="bike\BikeCourseRoadNetwork.cpp">
      <Filter>bike</Filter>
    </ClCompile>
    <ClCompile Include="bike\BikeCourseTerrainMesh.cpp">
      <Filter>bike</Filter>
    </ClCompile>
    <ClCompile Include="bike\BikeDebugger.cpp">
      <Filter>bike</Filter>
    </ClCompile>
    <ClCompile Include="bike\BikeObject.cpp">
      <Filter>bike</Filter>
    </ClCompile>
    <ClCompile Include="bike\BikeObject_Physics.cpp">
      <Filter>bike</Filter>
    </ClCompile>
    <ClCompile Include="bike\BikeObject_Steer.cpp">
      <Filter>bike</Filter>
    </ClCompile>
    <ClCompile Include="bike\BikeUI.cpp">
      <Filter>bike</Filter>
    </ClCompile>
    <ClCompile Include="bike\BikeWind.cpp">
      <Filter>bike</Filter>
    </ClCompile>
  </ItemGroup>
  <ItemGroup>
    <ClInclude Include="fps\fpsApp.h">
      <Filter>fps</Filter>
    </ClInclude>
    <ClInclude Include="fps\fpsDebugCamera.h">
      <Filter>fps</Filter>
    </ClInclude>
    <ClInclude Include="fps\AnimGraphTester.h">
      <Filter>fps</Filter>
    </ClInclude>
    <ClInclude Include="fps\AnimGraphTesterEditorUI.h">
      <Filter>fps</Filter>
    </ClInclude>
    <ClInclude Include="fps\fpsObjects.h">
      <Filter>fps</Filter>
    </ClInclude>
    <ClInclude Include="fps\fpsTestObjects.h">
      <Filter>fps</Filter>
    </ClInclude>
    <ClInclude Include="bike\BikeCourse.h">
      <Filter>bike</Filter>
    </ClInclude>
    <ClInclude Include="bike\BikeCourseHilly.h">
      <Filter>bike</Filter>
    </ClInclude>
    <ClInclude Include="bike\BikeCourseTurtle.h">
      <Filter>bike</Filter>
    </ClInclude>
    <ClInclude Include="bike\BikeDebugger.h">
      <Filter>bike</Filter>
    </ClInclude>
    <ClInclude Include="bike\BikeHeaders.h">
      <Filter>bike</Filter>
    </ClInclude>
    <ClInclude Include="bike\BikeObject_Local.h">
      <Filter>bike</Filter>
    </ClInclude>
    <ClInclude Include="bike\BikeTerrainNoise.h">
      <Filter>bike</Filter>
    </ClInclude>
  </ItemGroup>
</Project>
