<?xml version="1.0" encoding="utf-8"?>
<Project ToolsVersion="4.0" xmlns="http://schemas.microsoft.com/developer/msbuild/2003">
  <ItemGroup>
    <Filter Include="..">
      <UniqueIdentifier>{b6492c5b-81cd-5817-9163-b9304e798d03}</UniqueIdentifier>
    </Filter>
    <Filter Include=".generated">
      <UniqueIdentifier>{f80bc66f-9c4f-57c9-8c43-4582bfcbc3e1}</UniqueIdentifier>
    </Filter>
    <Filter Include="Animation">
      <UniqueIdentifier>{d7951c78-4f4d-546a-a8d9-1e335bb578ed}</UniqueIdentifier>
    </Filter>
    <Filter Include="Animation\Runtime">
      <UniqueIdentifier>{2101f1ca-7023-5795-8dfd-14bbf32eeba5}</UniqueIdentifier>
    </Filter>
    <Filter Include="AssetCompile">
      <UniqueIdentifier>{a7cd0fea-60cd-594d-8ba4-0c8367ad13f8}</UniqueIdentifier>
    </Filter>
    <Filter Include="Assets">
      <UniqueIdentifier>{46f9b538-2230-5737-b387-f5d7243a771c}</UniqueIdentifier>
    </Filter>
    <Filter Include="External">
      <UniqueIdentifier>{b2b4c8df-7196-5d58-8f35-42db0969fa6b}</UniqueIdentifier>
    </Filter>
    <Filter Include="External\KHR">
      <UniqueIdentifier>{1ee8ec06-06b3-5146-8c52-2d87dd2d9fe4}</UniqueIdentifier>
    </Filter>
    <Filter Include="External\glad">
      <UniqueIdentifier>{c1339ed0-f50c-510c-bb57-aa2535fbe76c}</UniqueIdentifier>
    </Filter>
    <Filter Include="Framework">
      <UniqueIdentifier>{db5ffa3a-fe5b-5e36-85f7-34ae1fbdb5f5}</UniqueIdentifier>
    </Filter>
    <Filter Include="Framework\Tests">
      <UniqueIdentifier>{1de2165b-2dbb-50a2-8bad-d63f4a0f4fac}</UniqueIdentifier>
    </Filter>
    <Filter Include="Game">
      <UniqueIdentifier>{fedfb30c-fd4f-51c6-8287-26028fb8ffec}</UniqueIdentifier>
    </Filter>
    <Filter Include="Game\BikeDemo">
      <UniqueIdentifier>{9532285d-9461-5ead-9242-3093009e9381}</UniqueIdentifier>
    </Filter>
    <Filter Include="Game\CarGame">
      <UniqueIdentifier>{b5af0a6a-442a-5603-b1b5-395076c0c48a}</UniqueIdentifier>
    </Filter>
    <Filter Include="Game\Components">
      <UniqueIdentifier>{74a97b93-7d39-5f54-9a2b-3a7923ed7829}</UniqueIdentifier>
    </Filter>
    <Filter Include="Game\Entities">
      <UniqueIdentifier>{2d50e3ba-4f63-5473-abf6-9c2c3aecf973}</UniqueIdentifier>
    </Filter>
    <Filter Include="Game\GameModes">
      <UniqueIdentifier>{c3b7343a-38ec-547d-a5f7-91cc70686341}</UniqueIdentifier>
    </Filter>
    <Filter Include="Game\ObsGame">
      <UniqueIdentifier>{57b4c15a-89f6-5a96-83df-9fb0800e4805}</UniqueIdentifier>
    </Filter>
    <Filter Include="Game\Particles">
      <UniqueIdentifier>{04bc678f-c045-5890-8276-36888437f2b6}</UniqueIdentifier>
    </Filter>
    <Filter Include="Game\TP">
      <UniqueIdentifier>{cc0ebe2b-d113-5391-88b4-48d370bc9652}</UniqueIdentifier>
    </Filter>
    <Filter Include="Game\TopDownShooter">
      <UniqueIdentifier>{86aa1aa1-b6ca-5a8f-a48c-18b88ba2ea1a}</UniqueIdentifier>
    </Filter>
    <Filter Include="Input">
      <UniqueIdentifier>{f3317ce5-d24d-51d3-ac2f-50b7e4b5641e}</UniqueIdentifier>
    </Filter>
    <Filter Include="LevelEditor">
      <UniqueIdentifier>{9a30c6a2-c810-5cc3-9d31-b28efd675009}</UniqueIdentifier>
    </Filter>
    <Filter Include="LevelSerialization">
      <UniqueIdentifier>{c38509c2-f9be-5936-91ec-4a675db83563}</UniqueIdentifier>
    </Filter>
    <Filter Include="MyGame">
      <UniqueIdentifier>{e0a22cdd-94ba-53df-9c56-d41e15e0a2cd}</UniqueIdentifier>
    </Filter>
    <Filter Include="MyGame\fps">
      <UniqueIdentifier>{b00e5779-12a4-57be-9227-82a4fa56643a}</UniqueIdentifier>
    </Filter>
    <Filter Include="Navigation">
      <UniqueIdentifier>{9ccd8f75-7613-51da-b1fb-1fc848e9c9bc}</UniqueIdentifier>
    </Filter>
    <Filter Include="Physics">
      <UniqueIdentifier>{a75cfbf0-08c4-548d-8c4f-b23dcea89206}</UniqueIdentifier>
    </Filter>
    <Filter Include="Render">
      <UniqueIdentifier>{4452c371-0298-5426-a9ca-eb20b6967434}</UniqueIdentifier>
    </Filter>
    <Filter Include="Render\Dx11">
      <UniqueIdentifier>{1cd5ce4a-22a8-5b57-bb44-30384dc38db3}</UniqueIdentifier>
    </Filter>
    <Filter Include="Render\Editor">
      <UniqueIdentifier>{a5e55ab0-70ad-5106-82df-409e5a9d342f}</UniqueIdentifier>
    </Filter>
    <Filter Include="Render\RT">
      <UniqueIdentifier>{2d5e9aec-a031-5fe7-aefc-4dc1e24b9b8b}</UniqueIdentifier>
    </Filter>
    <Filter Include="Scripting">
      <UniqueIdentifier>{1a44ae2c-03a2-5363-8dc9-f9c3c4f4e54a}</UniqueIdentifier>
    </Filter>
    <Filter Include="Sound">
      <UniqueIdentifier>{c2fcf9be-419c-54cf-9160-4c850bc33a45}</UniqueIdentifier>
    </Filter>
    <Filter Include="UI">
      <UniqueIdentifier>{10f72514-23ea-5a08-ba2b-35555fc95d26}</UniqueIdentifier>
    </Filter>
    <Filter Include="UI\RmlUi">
      <UniqueIdentifier>{778914b2-94e0-59ed-bc81-c8f2f0b291d5}</UniqueIdentifier>
    </Filter>
    <Filter Include="UI\Widgets">
      <UniqueIdentifier>{59dac331-4361-5321-9fd4-0b750fc11cdb}</UniqueIdentifier>
    </Filter>
  </ItemGroup>
  <ItemGroup>
    <ClCompile Include=".generated\MEGA.gen.cpp">
      <Filter>.generated</Filter>
    </ClCompile>
    <ClCompile Include="Animation\AnimationSeqAsset.cpp">
      <Filter>Animation</Filter>
    </ClCompile>
    <ClCompile Include="Animation\AnimationTypes.cpp">
      <Filter>Animation</Filter>
    </ClCompile>
    <ClCompile Include="Animation\AnimationUtil.cpp">
      <Filter>Animation</Filter>
    </ClCompile>
    <ClCompile Include="Animation\AnimSeqEditor.cpp">
      <Filter>Animation</Filter>
    </ClCompile>
    <ClCompile Include="Animation\AnimSidecarFile.cpp">
      <Filter>Animation</Filter>
    </ClCompile>
    <ClCompile Include="Animation\Runtime\Animation.cpp">
      <Filter>Animation\Runtime</Filter>
    </ClCompile>
    <ClCompile Include="Animation\Runtime\AnimationTreeLocal.cpp">
      <Filter>Animation\Runtime</Filter>
    </ClCompile>
    <ClCompile Include="Animation\Runtime\RuntimeNodesNew2.cpp">
      <Filter>Animation\Runtime</Filter>
    </ClCompile>
    <ClCompile Include="Animation\Runtime\SpringBones.cpp">
      <Filter>Animation\Runtime</Filter>
    </ClCompile>
    <ClCompile Include="Animation\SkeletonData.cpp">
      <Filter>Animation</Filter>
    </ClCompile>
    <ClCompile Include="Animation\SkeletonEditor.cpp">
      <Filter>Animation</Filter>
    </ClCompile>
    <ClCompile Include="AssetCompile\SkeletonAsset.cpp">
      <Filter>AssetCompile</Filter>
    </ClCompile>
    <ClCompile Include="AssetCompile\write_gltf.cpp">
      <Filter>AssetCompile</Filter>
    </ClCompile>
    <ClCompile Include="Assets\AssetBrowser.cpp">
      <Filter>Assets</Filter>
    </ClCompile>
    <ClCompile Include="Assets\AssetDatabase.cpp">
      <Filter>Assets</Filter>
    </ClCompile>
    <ClCompile Include="Assets\AssetInspectorPane.cpp">
      <Filter>Assets</Filter>
    </ClCompile>
    <ClCompile Include="Assets\AssetReferenceQuery.cpp">
      <Filter>Assets</Filter>
    </ClCompile>
    <ClCompile Include="Assets\AssetReferenceViewer.cpp">
      <Filter>Assets</Filter>
    </ClCompile>
    <ClCompile Include="Assets\AssetRegistry.cpp">
      <Filter>Assets</Filter>
    </ClCompile>
    <ClCompile Include="Assets\AssetSizeViewer.cpp">
      <Filter>Assets</Filter>
    </ClCompile>
    <ClCompile Include="Assets\FileWatcher.cpp">
      <Filter>Assets</Filter>
    </ClCompile>
    <ClCompile Include="Assets\IAsset.cpp">
      <Filter>Assets</Filter>
    </ClCompile>
    <ClCompile Include="Assets\ScriptableObject.cpp">
      <Filter>Assets</Filter>
    </ClCompile>
    <ClCompile Include="Debug_Console.cpp" />
    <ClCompile Include="EditorPopups.cpp" />
    <ClCompile Include="EditorPopupTemplate.cpp" />
    <ClCompile Include="EngineMain.cpp" />
    <ClCompile Include="EngineMain_Commands.cpp" />
    <ClCompile Include="EngineMain_Debug.cpp" />
    <ClCompile Include="EngineMain_Init.cpp" />
    <ClCompile Include="EngineMain_Loop.cpp" />
    <ClCompile Include="EngineMain_ViewSetup.cpp" />
    <ClCompile Include="Framework\BakedCurve.cpp">
      <Filter>Framework</Filter>
    </ClCompile>
    <ClCompile Include="Framework\BVHBuild.cpp">
      <Filter>Framework</Filter>
    </ClCompile>
    <ClCompile Include="Framework\ClassBase.cpp">
      <Filter>Framework</Filter>
    </ClCompile>
    <ClCompile Include="Framework\ClassTypePtr.cpp">
      <Filter>Framework</Filter>
    </ClCompile>
    <ClCompile Include="Framework\Config.cpp">
      <Filter>Framework</Filter>
    </ClCompile>
    <ClCompile Include="Framework\CurveEditorImgui.cpp">
      <Filter>Framework</Filter>
    </ClCompile>
    <ClCompile Include="Framework\CurveEditorImgui_Curves.cpp">
      <Filter>Framework</Filter>
    </ClCompile>
    <ClCompile Include="Framework\CurveEditorImgui_Events.cpp">
      <Filter>Framework</Filter>
    </ClCompile>
    <ClCompile Include="Framework\CurveEditorImgui_Grid.cpp">
      <Filter>Framework</Filter>
    </ClCompile>
    <ClCompile Include="Framework\CurveEditorImgui_Input.cpp">
      <Filter>Framework</Filter>
    </ClCompile>
    <ClCompile Include="Framework\CurveEditorImgui_UI.cpp">
      <Filter>Framework</Filter>
    </ClCompile>
    <ClCompile Include="Framework\DictParser.cpp">
      <Filter>Framework</Filter>
    </ClCompile>
    <ClCompile Include="Framework\EditorTheme.cpp">
      <Filter>Framework</Filter>
    </ClCompile>
    <ClCompile Include="Framework\EnumDefReflection.cpp">
      <Filter>Framework</Filter>
    </ClCompile>
    <ClCompile Include="Framework\Files.cpp">
      <Filter>Framework</Filter>
    </ClCompile>
    <ClCompile Include="Framework\GradientEditorImgui.cpp">
      <Filter>Framework</Filter>
    </ClCompile>
    <ClCompile Include="Framework\Hashset.cpp">
      <Filter>Framework</Filter>
    </ClCompile>
    <ClCompile Include="Framework\InterfaceTypeInfo.cpp">
      <Filter>Framework</Filter>
    </ClCompile>
    <ClCompile Include="Framework\Jobs.cpp">
      <Filter>Framework</Filter>
    </ClCompile>
    <ClCompile Include="Framework\MathLib.cpp">
      <Filter>Framework</Filter>
    </ClCompile>
    <ClCompile Include="Framework\MeshBuilder.cpp">
      <Filter>Framework</Filter>
    </ClCompile>
    <ClCompile Include="Framework\MyImguiLib.cpp">
      <Filter>Framework</Filter>
    </ClCompile>
    <ClCompile Include="Framework\Profiler.cpp">
      <Filter>Framework</Filter>
    </ClCompile>
    <ClCompile Include="Framework\ProfilerUI.cpp">
      <Filter>Framework</Filter>
    </ClCompile>
    <ClCompile Include="Framework\PropertyEd.cpp">
      <Filter>Framework</Filter>
    </ClCompile>
    <ClCompile Include="Framework\PropertyEdArray.cpp">
      <Filter>Framework</Filter>
    </ClCompile>
    <ClCompile Include="Framework\PropertyEdGroup.cpp">
      <Filter>Framework</Filter>
    </ClCompile>
    <ClCompile Include="Framework\PropertyEdWidgets.cpp">
      <Filter>Framework</Filter>
    </ClCompile>
    <ClCompile Include="Framework\PropertyPtr.cpp">
      <Filter>Framework</Filter>
    </ClCompile>
    <ClCompile Include="Framework\ReflectionProp.cpp">
      <Filter>Framework</Filter>
    </ClCompile>
    <ClCompile Include="Framework\Serializer.cpp">
      <Filter>Framework</Filter>
    </ClCompile>
    <ClCompile Include="Framework\SerializerBinary.cpp">
      <Filter>Framework</Filter>
    </ClCompile>
    <ClCompile Include="Framework\SerializerJson.cpp">
      <Filter>Framework</Filter>
    </ClCompile>
    <ClCompile Include="Framework\SerializerJson2.cpp">
      <Filter>Framework</Filter>
    </ClCompile>
    <ClCompile Include="Framework\StringName.cpp">
      <Filter>Framework</Filter>
    </ClCompile>
    <ClCompile Include="Framework\StringUtils.cpp">
      <Filter>Framework</Filter>
    </ClCompile>
    <ClCompile Include="Framework\Tests\Containers.cpp">
      <Filter>Framework\Tests</Filter>
    </ClCompile>
    <ClCompile Include="Framework\Util.cpp">
      <Filter>Framework</Filter>
    </ClCompile>
    <ClCompile Include="Game\BaseUpdater.cpp">
      <Filter>Game</Filter>
    </ClCompile>
    <ClCompile Include="Game\BikeDemo\BikeAI.cpp">
      <Filter>Game\BikeDemo</Filter>
    </ClCompile>
    <ClCompile Include="Game\BikeDemo\BikeApplication.cpp">
      <Filter>Game\BikeDemo</Filter>
    </ClCompile>
    <ClCompile Include="Game\BikeDemo\BikeApplication_AIDebug.cpp">
      <Filter>Game\BikeDemo</Filter>
    </ClCompile>
    <ClCompile Include="Game\BikeDemo\BikeApplication_Debug.cpp">
      <Filter>Game\BikeDemo</Filter>
    </ClCompile>
    <ClCompile Include="Game\BikeDemo\BikeApplication_Pack.cpp">
      <Filter>Game\BikeDemo</Filter>
    </ClCompile>
    <ClCompile Include="Game\BikeDemo\BikeApplication_PackAI.cpp">
      <Filter>Game\BikeDemo</Filter>
    </ClCompile>
    <ClCompile Include="Game\BikeDemo\BikeApplication_PackAvoid.cpp">
      <Filter>Game\BikeDemo</Filter>
    </ClCompile>
    <ClCompile Include="Game\BikeDemo\BikeApplication_PackDebug.cpp">
      <Filter>Game\BikeDemo</Filter>
    </ClCompile>
    <ClCompile Include="Game\BikeDemo\BikeApplication_Player.cpp">
      <Filter>Game\BikeDemo</Filter>
    </ClCompile>
    <ClCompile Include="Game\BikeDemo\BikeCamera.cpp">
      <Filter>Game\BikeDemo</Filter>
    </ClCompile>
    <ClCompile Include="Game\BikeDemo\BikeCourse.cpp">
      <Filter>Game\BikeDemo</Filter>
    </ClCompile>
    <ClCompile Include="Game\BikeDemo\BikeCourseDebug.cpp">
      <Filter>Game\BikeDemo</Filter>
    </ClCompile>
    <ClCompile Include="Game\BikeDemo\BikeCourseRacingLine.cpp">
      <Filter>Game\BikeDemo</Filter>
    </ClCompile>
    <ClCompile Include="Game\BikeDemo\BikeCourseRoadNetwork.cpp">
      <Filter>Game\BikeDemo</Filter>
    </ClCompile>
    <ClCompile Include="Game\BikeDemo\BikeObject.cpp">
      <Filter>Game\BikeDemo</Filter>
    </ClCompile>
    <ClCompile Include="Game\BikeDemo\BikeObject_Physics.cpp">
      <Filter>Game\BikeDemo</Filter>
    </ClCompile>
    <ClCompile Include="Game\BikeDemo\BikeObject_Stamina.cpp">
      <Filter>Game\BikeDemo</Filter>
    </ClCompile>
    <ClCompile Include="Game\BikeDemo\BikeObject_Steer.cpp">
      <Filter>Game\BikeDemo</Filter>
    </ClCompile>
    <ClCompile Include="Game\BikeDemo\BikeUI.cpp">
      <Filter>Game\BikeDemo</Filter>
    </ClCompile>
    <ClCompile Include="Game\BikeDemo\BikeWind.cpp">
      <Filter>Game\BikeDemo</Filter>
    </ClCompile>
    <ClCompile Include="Game\CarGame\CarGame.cpp">
      <Filter>Game\CarGame</Filter>
    </ClCompile>
    <ClCompile Include="Game\Components\BillboardComponent.cpp">
      <Filter>Game\Components</Filter>
    </ClCompile>
    <ClCompile Include="Game\Components\CameraComponent.cpp">
      <Filter>Game\Components</Filter>
    </ClCompile>
    <ClCompile Include="Game\Components\DecalComponent.cpp">
      <Filter>Game\Components</Filter>
    </ClCompile>
    <ClCompile Include="Game\Components\GraphCurveComponent.cpp">
      <Filter>Game\Components</Filter>
    </ClCompile>
    <ClCompile Include="Game\Components\LightComponents.cpp">
      <Filter>Game\Components</Filter>
    </ClCompile>
    <ClCompile Include="Game\Components\LightComponents_Environment.cpp">
      <Filter>Game\Components</Filter>
    </ClCompile>
    <ClCompile Include="Game\Components\LightComponents_GiScene.cpp">
      <Filter>Game\Components</Filter>
    </ClCompile>
    <ClCompile Include="Game\Components\LightComponents_Lightmap.cpp">
      <Filter>Game\Components</Filter>
    </ClCompile>
    <ClCompile Include="Game\Components\MeshbuilderComponent.cpp">
      <Filter>Game\Components</Filter>
    </ClCompile>
    <ClCompile Include="Game\Components\MeshComponent.cpp">
      <Filter>Game\Components</Filter>
    </ClCompile>
    <ClCompile Include="Game\Components\ParticleComponent.cpp">
      <Filter>Game\Components</Filter>
    </ClCompile>
    <ClCompile Include="Game\Components\ParticleSystemComponent.cpp">
      <Filter>Game\Components</Filter>
    </ClCompile>
    <ClCompile Include="Game\Components\PhysicsComponents.cpp">
      <Filter>Game\Components</Filter>
    </ClCompile>
    <ClCompile Include="Game\Components\PhysicsJoints.cpp">
      <Filter>Game\Components</Filter>
    </ClCompile>
    <ClCompile Include="Game\Components\PhysicsShapes.cpp">
      <Filter>Game\Components</Filter>
    </ClCompile>
    <ClCompile Include="Game\Components\PostProcessComponent.cpp">
      <Filter>Game\Components</Filter>
    </ClCompile>
    <ClCompile Include="Game\Components\PostProcessEditorUI.cpp">
      <Filter>Game\Components</Filter>
    </ClCompile>
    <ClCompile Include="Game\Components\PrefabAssetComponent.cpp">
      <Filter>Game\Components</Filter>
    </ClCompile>
    <ClCompile Include="Game\Components\RagdollComponent.cpp">
      <Filter>Game\Components</Filter>
    </ClCompile>
    <ClCompile Include="Game\Components\RagdollConfigComponent.cpp">
      <Filter>Game\Components</Filter>
    </ClCompile>
    <ClCompile Include="Game\Components\RagdollGizmoMesh.cpp">
      <Filter>Game\Components</Filter>
    </ClCompile>
    <ClCompile Include="Game\Components\RagdollPhysicsBodyComponent.cpp">
      <Filter>Game\Components</Filter>
    </ClCompile>
    <ClCompile Include="Game\Components\RagdollJointComponent.cpp">
      <Filter>Game\Components</Filter>
    </ClCompile>
    <ClCompile Include="Game\Components\RagdollSetupComponent.cpp">
      <Filter>Game\Components</Filter>
    </ClCompile>
    <ClCompile Include="Game\Components\RoadNetworkComponent.cpp">
      <Filter>Game\Components</Filter>
    </ClCompile>
    <ClCompile Include="Game\Components\SpawnerComponenth.cpp">
      <Filter>Game\Components</Filter>
    </ClCompile>
    <ClCompile Include="Game\Components\SpringBoneManagerComponent.cpp">
      <Filter>Game\Components</Filter>
    </ClCompile>
    <ClCompile Include="Game\EditorAddMenu.cpp">
      <Filter>Game</Filter>
    </ClCompile>
    <ClCompile Include="Game\Entities\BikeEntity.cpp">
      <Filter>Game\Entities</Filter>
    </ClCompile>
    <ClCompile Include="Game\Entities\CharacterController.cpp">
      <Filter>Game\Entities</Filter>
    </ClCompile>
    <ClCompile Include="Game\Entities\Player.cpp">
      <Filter>Game\Entities</Filter>
    </ClCompile>
    <ClCompile Include="Game\Entities\Player_CameraPath.cpp">
      <Filter>Game\Entities</Filter>
    </ClCompile>
    <ClCompile Include="Game\Entities\Player_GameplayStatic.cpp">
      <Filter>Game\Entities</Filter>
    </ClCompile>
    <ClCompile Include="Game\Entities\PlayerAnimDriver.cpp">
      <Filter>Game\Entities</Filter>
    </ClCompile>
    <ClCompile Include="Game\Entity.cpp">
      <Filter>Game</Filter>
    </ClCompile>
    <ClCompile Include="Game\EntityComponent.cpp">
      <Filter>Game</Filter>
    </ClCompile>
    <ClCompile Include="Game\Game.cpp">
      <Filter>Game</Filter>
    </ClCompile>
    <ClCompile Include="Game\GameEventBus.cpp">
      <Filter>Game</Filter>
    </ClCompile>
    <ClCompile Include="Game\GameModes\MainMenuMode.cpp">
      <Filter>Game\GameModes</Filter>
    </ClCompile>
    <ClCompile Include="Game\LevelAssets.cpp">
      <Filter>Game</Filter>
    </ClCompile>
    <ClCompile Include="Game\ObsGame\ObsCamera.cpp">
      <Filter>Game\ObsGame</Filter>
    </ClCompile>
    <ClCompile Include="Game\ObsGame\ObsGameApplication.cpp">
      <Filter>Game\ObsGame</Filter>
    </ClCompile>
    <ClCompile Include="Game\ObsGame\ObsHand.cpp">
      <Filter>Game\ObsGame</Filter>
    </ClCompile>
    <ClCompile Include="Game\ObsGame\ObsPlayer.cpp">
      <Filter>Game\ObsGame</Filter>
    </ClCompile>
    <ClCompile Include="Game\Particles\ParticleAsset.cpp">
      <Filter>Game\Particles</Filter>
    </ClCompile>
    <ClCompile Include="Game\Particles\ParticleEditorUI.cpp">
      <Filter>Game\Particles</Filter>
    </ClCompile>
    <ClCompile Include="Game\Particles\ParticleModules.cpp">
      <Filter>Game\Particles</Filter>
    </ClCompile>
    <ClCompile Include="Game\Particles\ParticleTypes.cpp">
      <Filter>Game\Particles</Filter>
    </ClCompile>
    <ClCompile Include="Game\Prefab.cpp">
      <Filter>Game</Filter>
    </ClCompile>
    <ClCompile Include="Game\TopDownShooter\TopDownPlayer.cpp">
      <Filter>Game\TopDownShooter</Filter>
    </ClCompile>
    <ClCompile Include="Game\TopDownShooter\TopDownShooterGame.cpp">
      <Filter>Game\TopDownShooter</Filter>
    </ClCompile>
    <ClCompile Include="Game\TP\TPGame.cpp">
      <Filter>Game\TP</Filter>
    </ClCompile>
    <ClCompile Include="IEditorTool.cpp" />
    <ClCompile Include="Input\InputSystem.cpp">
      <Filter>Input</Filter>
    </ClCompile>
    <ClCompile Include="Level.cpp" />
    <ClCompile Include="LevelEditor\AddEditorCommands.cpp">
      <Filter>LevelEditor</Filter>
    </ClCompile>
    <ClCompile Include="LevelEditor\Commands.cpp">
      <Filter>LevelEditor</Filter>
    </ClCompile>
    <ClCompile Include="LevelEditor\CommandsComponent.cpp">
      <Filter>LevelEditor</Filter>
    </ClCompile>
    <ClCompile Include="LevelEditor\CommandsParenting.cpp">
      <Filter>LevelEditor</Filter>
    </ClCompile>
    <ClCompile Include="LevelEditor\CommandsPrefab.cpp">
      <Filter>LevelEditor</Filter>
    </ClCompile>
    <ClCompile Include="LevelEditor\CommandsUndoRedo.cpp">
      <Filter>LevelEditor</Filter>
    </ClCompile>
    <ClCompile Include="LevelEditor\DecalStampTool.cpp">
      <Filter>LevelEditor</Filter>
    </ClCompile>
    <ClCompile Include="LevelEditor\DragDetector.cpp">
      <Filter>LevelEditor</Filter>
    </ClCompile>
    <ClCompile Include="LevelEditor\DragDropPreview.cpp">
      <Filter>LevelEditor</Filter>
    </ClCompile>
    <ClCompile Include="LevelEditor\EditorDocInput.cpp">
      <Filter>LevelEditor</Filter>
    </ClCompile>
    <ClCompile Include="LevelEditor\EditorDocLocal.cpp">
      <Filter>LevelEditor</Filter>
    </ClCompile>
    <ClCompile Include="LevelEditor\EditorDocScene.cpp">
      <Filter>LevelEditor</Filter>
    </ClCompile>
    <ClCompile Include="LevelEditor\EditorDocViewport.cpp">
      <Filter>LevelEditor</Filter>
    </ClCompile>
    <ClCompile Include="LevelEditor\EditorRecents.cpp">
      <Filter>LevelEditor</Filter>
    </ClCompile>
    <ClCompile Include="LevelEditor\EditorUILayout.cpp">
      <Filter>LevelEditor</Filter>
    </ClCompile>
    <ClCompile Include="LevelEditor\EdPropertyGrid.cpp">
      <Filter>LevelEditor</Filter>
    </ClCompile>
    <ClCompile Include="LevelEditor\FoliagePaintTool.cpp">
      <Filter>LevelEditor</Filter>
    </ClCompile>
    <ClCompile Include="LevelEditor\LevelEditorCamera.cpp">
      <Filter>LevelEditor</Filter>
    </ClCompile>
    <ClCompile Include="LevelEditor\ManipulateTransformTool.cpp">
      <Filter>LevelEditor</Filter>
    </ClCompile>
    <ClCompile Include="LevelEditor\ObjectOutliner.cpp">
      <Filter>LevelEditor</Filter>
    </ClCompile>
    <ClCompile Include="LevelEditor\ObjectOutlinerContextMenu.cpp">
      <Filter>LevelEditor</Filter>
    </ClCompile>
    <ClCompile Include="LevelEditor\ObjectOutlinerDraw.cpp">
      <Filter>LevelEditor</Filter>
    </ClCompile>
    <ClCompile Include="LevelEditor\ObjectOutlinerFilter.cpp">
      <Filter>LevelEditor</Filter>
    </ClCompile>
    <ClCompile Include="LevelEditor\OrthoCamera.cpp">
      <Filter>LevelEditor</Filter>
    </ClCompile>
    <ClCompile Include="LevelEditor\PropertyEditors.cpp">
      <Filter>LevelEditor</Filter>
    </ClCompile>
    <ClCompile Include="LevelEditor\RoadBuilderTool.cpp">
      <Filter>LevelEditor</Filter>
    </ClCompile>
    <ClCompile Include="LevelEditor\RoadBuilderTool_Helpers.cpp">
      <Filter>LevelEditor</Filter>
    </ClCompile>
    <ClCompile Include="LevelEditor\RoadBuilderTool_Overlay.cpp">
      <Filter>LevelEditor</Filter>
    </ClCompile>
    <ClCompile Include="LevelEditor\RoadBuilderTool_Tick.cpp">
      <Filter>LevelEditor</Filter>
    </ClCompile>
    <ClCompile Include="LevelEditor\SceneExport.cpp">
      <Filter>LevelEditor</Filter>
    </ClCompile>
    <ClCompile Include="LevelEditor\SelectionMode.cpp">
      <Filter>LevelEditor</Filter>
    </ClCompile>
    <ClCompile Include="LevelEditor\SelectionState.cpp">
      <Filter>LevelEditor</Filter>
    </ClCompile>
    <ClCompile Include="LevelEditor\ViewportHandles.cpp">
      <Filter>LevelEditor</Filter>
    </ClCompile>
    <ClCompile Include="LevelSerialization\SerializeNew.cpp">
      <Filter>LevelSerialization</Filter>
    </ClCompile>
    <ClCompile Include="Logging.cpp" />
    <ClCompile Include="MyGame\fps\AnimGraphTester.cpp">
      <Filter>MyGame\fps</Filter>
    </ClCompile>
    <ClCompile Include="MyGame\fps\AnimGraphTesterEditorUI.cpp">
      <Filter>MyGame\fps</Filter>
    </ClCompile>
    <ClCompile Include="MyGame\fps\fpsApp.cpp">
      <Filter>MyGame\fps</Filter>
    </ClCompile>
    <ClCompile Include="MyGame\fps\fpsDebugCamera.cpp">
      <Filter>MyGame\fps</Filter>
    </ClCompile>
    <ClCompile Include="MyGame\fps\fpsObjects.cpp">
      <Filter>MyGame\fps</Filter>
    </ClCompile>
    <ClCompile Include="MyGame\fps\fpsTestObjects.cpp">
      <Filter>MyGame\fps</Filter>
    </ClCompile>
    <ClCompile Include="Navigation\LevelNavUtil.cpp">
      <Filter>Navigation</Filter>
    </ClCompile>
    <ClCompile Include="Navigation\NavAgentComponent.cpp">
      <Filter>Navigation</Filter>
    </ClCompile>
    <ClCompile Include="Navigation\NavMeshBaker.cpp">
      <Filter>Navigation</Filter>
    </ClCompile>
    <ClCompile Include="Navigation\NavMeshDebugDraw.cpp">
      <Filter>Navigation</Filter>
    </ClCompile>
    <ClCompile Include="Navigation\NavMeshSettingsComponent.cpp">
      <Filter>Navigation</Filter>
    </ClCompile>
    <ClCompile Include="Navigation\NavMeshVolumeComponent.cpp">
      <Filter>Navigation</Filter>
    </ClCompile>
    <ClCompile Include="Navigation\RuntimeNavManager.cpp">
      <Filter>Navigation</Filter>
    </ClCompile>
    <ClCompile Include="Physics\ChannelsAndPresets.cpp">
      <Filter>Physics</Filter>
    </ClCompile>
    <ClCompile Include="Physics\Physics2Local.cpp">
      <Filter>Physics</Filter>
    </ClCompile>
    <ClCompile Include="Render\DdsExport.cpp">
      <Filter>Render</Filter>
    </ClCompile>
    <ClCompile Include="Render\DecalBatcher.cpp">
      <Filter>Render</Filter>
    </ClCompile>
    <ClCompile Include="Render\DrawLocal_BatchScene.cpp">
      <Filter>Render</Filter>
    </ClCompile>
    <ClCompile Include="Render\DrawLocal_CullShadow.cpp">
      <Filter>Render</Filter>
    </ClCompile>
    <ClCompile Include="Render\DrawLocal_Debug.cpp">
      <Filter>Render</Filter>
    </ClCompile>
    <ClCompile Include="Render\DrawLocal_Device.cpp">
      <Filter>Render</Filter>
    </ClCompile>
    <ClCompile Include="Render\DrawLocal_Editor.cpp">
      <Filter>Render</Filter>
    </ClCompile>
    <ClCompile Include="Render\DrawLocal_Init.cpp">
      <Filter>Render</Filter>
    </ClCompile>
    <ClCompile Include="Render\DrawLocal_Lighting.cpp">
      <Filter>Render</Filter>
    </ClCompile>
    <ClCompile Include="Render\DrawLocal_Misc.cpp">
      <Filter>Render</Filter>
    </ClCompile>
    <ClCompile Include="Render\DrawLocal_RenderPass.cpp">
      <Filter>Render</Filter>
    </ClCompile>
    <ClCompile Include="Render\DrawLocal_Scene.cpp">
      <Filter>Render</Filter>
    </ClCompile>
    <ClCompile Include="Render\DrawLocal_SceneDraw.cpp">
      <Filter>Render</Filter>
    </ClCompile>
    <ClCompile Include="Render\DrawLocal_SceneDrawInternal.cpp">
      <Filter>Render</Filter>
    </ClCompile>
    <ClCompile Include="Render\Dx11\Dx11BufferImpl.cpp">
      <Filter>Render\Dx11</Filter>
    </ClCompile>
    <ClCompile Include="Render\Dx11\Dx11Device.cpp">
      <Filter>Render\Dx11</Filter>
    </ClCompile>
    <ClCompile Include="Render\Dx11\Dx11PipelineImpl.cpp">
      <Filter>Render\Dx11</Filter>
    </ClCompile>
    <ClCompile Include="Render\Dx11\Dx11ShaderImpl.cpp">
      <Filter>Render\Dx11</Filter>
    </ClCompile>
    <ClCompile Include="Render\Dx11\Dx11TextureImpl.cpp">
      <Filter>Render\Dx11</Filter>
    </ClCompile>
    <ClCompile Include="Render\EnvProbe.cpp">
      <Filter>Render</Filter>
    </ClCompile>
    <ClCompile Include="Render\Frustum.cpp">
      <Filter>Render</Filter>
    </ClCompile>
    <ClCompile Include="Render\GpuAllocator.cpp">
      <Filter>Render</Filter>
    </ClCompile>
    <ClCompile Include="Render\GpuCullingTest.cpp">
      <Filter>Render</Filter>
    </ClCompile>
    <ClCompile Include="Render\GraphicsDeviceCommon.cpp">
      <Filter>Render</Filter>
    </ClCompile>
    <ClCompile Include="Render\MaterialLocal.cpp">
      <Filter>Render</Filter>
    </ClCompile>
    <ClCompile Include="Render\MaterialLocal_Loading.cpp">
      <Filter>Render</Filter>
    </ClCompile>
    <ClCompile Include="Render\MaterialLocal_Manager.cpp">
      <Filter>Render</Filter>
    </ClCompile>
    <ClCompile Include="Render\MaterialLocal_Shader.cpp">
      <Filter>Render</Filter>
    </ClCompile>
    <ClCompile Include="Render\Meshlet.cpp">
      <Filter>Render</Filter>
    </ClCompile>
    <ClCompile Include="Render\Model.cpp">
      <Filter>Render</Filter>
    </ClCompile>
    <ClCompile Include="Render\ModelDynamic.cpp">
      <Filter>Render</Filter>
    </ClCompile>
    <ClCompile Include="Render\ModelGpuUpload.cpp">
      <Filter>Render</Filter>
    </ClCompile>
    <ClCompile Include="Render\ModelLoad.cpp">
      <Filter>Render</Filter>
    </ClCompile>
    <ClCompile Include="Render\OpenGlBufferImpl.cpp">
      <Filter>Render</Filter>
    </ClCompile>
    <ClCompile Include="Render\OpenGlDevice.cpp">
      <Filter>Render</Filter>
    </ClCompile>
    <ClCompile Include="Render\RmlUiRenderInterface.cpp">
      <Filter>Render</Filter>
    </ClCompile>
    <ClCompile Include="Render\OpenGlShaderImpl.cpp">
      <Filter>Render</Filter>
    </ClCompile>
    <ClCompile Include="Render\OpenGlTextureImpl.cpp">
      <Filter>Render</Filter>
    </ClCompile>
    <ClCompile Include="Render\PostProcessSettings.cpp">
      <Filter>Render</Filter>
    </ClCompile>
    <ClCompile Include="Render\PPManager.cpp">
      <Filter>Render</Filter>
    </ClCompile>
    <ClCompile Include="Render\RenderExtra.cpp">
      <Filter>Render</Filter>
    </ClCompile>
    <ClCompile Include="Render\RenderExtra_LightCookieAtlas.cpp">
      <Filter>Render</Filter>
    </ClCompile>
    <ClCompile Include="Render\RenderExtra_SSR.cpp">
      <Filter>Render</Filter>
    </ClCompile>
    <ClCompile Include="Render\RenderGiManager.cpp">
      <Filter>Render</Filter>
    </ClCompile>
    <ClCompile Include="Render\RenderScene.cpp">
      <Filter>Render</Filter>
    </ClCompile>
    <ClCompile Include="Render\RenderWindow.cpp">
      <Filter>Render</Filter>
    </ClCompile>
    <ClCompile Include="Render\RT\RaytraceTest.cpp">
      <Filter>Render\RT</Filter>
    </ClCompile>
    <ClCompile Include="Render\RT\RaytraceTest_BVH.cpp">
      <Filter>Render\RT</Filter>
    </ClCompile>
    <ClCompile Include="Render\RT\RaytraceTest_Probe.cpp">
      <Filter>Render\RT</Filter>
    </ClCompile>
    <ClCompile Include="Render\RT\RaytraceTest_Shade.cpp">
      <Filter>Render\RT</Filter>
    </ClCompile>
    <ClCompile Include="Render\Shadowmap.cpp">
      <Filter>Render</Filter>
    </ClCompile>
    <ClCompile Include="Render\Ssao.cpp">
      <Filter>Render</Filter>
    </ClCompile>
    <ClCompile Include="Render\Texture.cpp">
      <Filter>Render</Filter>
    </ClCompile>
    <ClCompile Include="Render\TextureDDS.cpp">
      <Filter>Render</Filter>
    </ClCompile>
    <ClCompile Include="Render\TextureUpload.cpp">
      <Filter>Render</Filter>
    </ClCompile>
    <ClCompile Include="Render\Volumetricfog.cpp">
      <Filter>Render</Filter>
    </ClCompile>
    <ClCompile Include="Scripting\LuaClassTypeInfo.cpp">
      <Filter>Scripting</Filter>
    </ClCompile>
    <ClCompile Include="Scripting\LuaTestRunner.cpp">
      <Filter>Scripting</Filter>
    </ClCompile>
    <ClCompile Include="Scripting\LuaTransform.cpp">
      <Filter>Scripting</Filter>
    </ClCompile>
    <ClCompile Include="Scripting\LuaVecQuat.cpp">
      <Filter>Scripting</Filter>
    </ClCompile>
    <ClCompile Include="Scripting\ScriptFunctionCodegen.cpp">
      <Filter>Scripting</Filter>
    </ClCompile>
    <ClCompile Include="Scripting\ScriptingStdLib.cpp">
      <Filter>Scripting</Filter>
    </ClCompile>
    <ClCompile Include="Scripting\ScriptLoadingUtil.cpp">
      <Filter>Scripting</Filter>
    </ClCompile>
    <ClCompile Include="Scripting\ScriptManager.cpp">
      <Filter>Scripting</Filter>
    </ClCompile>
    <ClCompile Include="Sound\SoundComponent.cpp">
      <Filter>Sound</Filter>
    </ClCompile>
    <ClCompile Include="Sound\SoundLocal.cpp">
      <Filter>Sound</Filter>
    </ClCompile>
    <ClCompile Include="UI\BaseGUI.cpp">
      <Filter>UI</Filter>
    </ClCompile>
    <ClCompile Include="UI\Gui.cpp">
      <Filter>UI</Filter>
    </ClCompile>
    <ClCompile Include="UI\GUISystemLocal.cpp">
      <Filter>UI</Filter>
    </ClCompile>
    <ClCompile Include="UI\GUISystemPublic.cpp">
      <Filter>UI</Filter>
    </ClCompile>
    <ClCompile Include="UI\RmlUi\RmlUiDebugMenu.cpp">
      <Filter>UI\RmlUi</Filter>
    </ClCompile>
    <ClCompile Include="UI\RmlUi\RmlUiSystem.cpp">
      <Filter>UI\RmlUi</Filter>
    </ClCompile>
    <ClCompile Include="UI\RmlUi\RmlUiSystemInterface.cpp">
      <Filter>UI\RmlUi</Filter>
    </ClCompile>
    <ClCompile Include="UI\UIBuilder.cpp">
      <Filter>UI</Filter>
    </ClCompile>
    <ClCompile Include="UI\UILoader.cpp">
      <Filter>UI</Filter>
    </ClCompile>
    <ClCompile Include="UI\Widgets\EditorCube.cpp">
      <Filter>UI\Widgets</Filter>
    </ClCompile>
    <ClCompile Include="User_Camera.cpp" />
  </ItemGroup>
  <ItemGroup>
    <ClInclude Include="Animation\AnimationSeqAsset.h">
      <Filter>Animation</Filter>
    </ClInclude>
    <ClInclude Include="Animation\AnimationTypes.h">
      <Filter>Animation</Filter>
    </ClInclude>
    <ClInclude Include="Animation\AnimationUtil.h">
      <Filter>Animation</Filter>
    </ClInclude>
    <ClInclude Include="Animation\Event.h">
      <Filter>Animation</Filter>
    </ClInclude>
    <ClInclude Include="Animation\Runtime\Animation.h">
      <Filter>Animation\Runtime</Filter>
    </ClInclude>
    <ClInclude Include="Animation\Runtime\AnimationTreeLocal.h">
      <Filter>Animation\Runtime</Filter>
    </ClInclude>
    <ClInclude Include="Animation\Runtime\Easing.h">
      <Filter>Animation\Runtime</Filter>
    </ClInclude>
    <ClInclude Include="Animation\Runtime\Percentage.h">
      <Filter>Animation\Runtime</Filter>
    </ClInclude>
    <ClInclude Include="Animation\Runtime\RuntimeNodesNew.h">
      <Filter>Animation\Runtime</Filter>
    </ClInclude>
    <ClInclude Include="Animation\Runtime\RuntimeNodesNew2.h">
      <Filter>Animation\Runtime</Filter>
    </ClInclude>
    <ClInclude Include="Animation\Runtime\SpringBones.h">
      <Filter>Animation\Runtime</Filter>
    </ClInclude>
    <ClInclude Include="Animation\Runtime\SyncTime.h">
      <Filter>Animation\Runtime</Filter>
    </ClInclude>
    <ClInclude Include="Animation\SkeletonData.h">
      <Filter>Animation</Filter>
    </ClInclude>
    <ClInclude Include="Animation\SkeletonEditor.h">
      <Filter>Animation</Filter>
    </ClInclude>
    <ClInclude Include="AssetCompile\Compiliers.h">
      <Filter>AssetCompile</Filter>
    </ClInclude>
    <ClInclude Include="AssetCompile\GltfExport.h">
      <Filter>AssetCompile</Filter>
    </ClInclude>
    <ClInclude Include="AssetCompile\ModelAsset2.h">
      <Filter>AssetCompile</Filter>
    </ClInclude>
    <ClInclude Include="AssetCompile\ModelCompilierLocal.h">
      <Filter>AssetCompile</Filter>
    </ClInclude>
    <ClInclude Include="AssetCompile\SkeletonAsset.h">
      <Filter>AssetCompile</Filter>
    </ClInclude>
    <ClInclude Include="AssetCompile\Someutils.h">
      <Filter>AssetCompile</Filter>
    </ClInclude>
    <ClInclude Include="Assets\AssetBrowser.h">
      <Filter>Assets</Filter>
    </ClInclude>
    <ClInclude Include="Assets\AssetDatabase.h">
      <Filter>Assets</Filter>
    </ClInclude>
    <ClInclude Include="Assets\AssetInspectorPane.h">
      <Filter>Assets</Filter>
    </ClInclude>
    <ClInclude Include="Assets\AssetReferenceQuery.h">
      <Filter>Assets</Filter>
    </ClInclude>
    <ClInclude Include="Assets\AssetReferenceViewer.h">
      <Filter>Assets</Filter>
    </ClInclude>
    <ClInclude Include="Assets\AssetRegistry.h">
      <Filter>Assets</Filter>
    </ClInclude>
    <ClInclude Include="Assets\AssetRegistryLocal.h">
      <Filter>Assets</Filter>
    </ClInclude>
    <ClInclude Include="Assets\AssetSizeViewer.h">
      <Filter>Assets</Filter>
    </ClInclude>
    <ClInclude Include="Assets\FileWatcher.h">
      <Filter>Assets</Filter>
    </ClInclude>
    <ClInclude Include="Assets\HackedReloader.h">
      <Filter>Assets</Filter>
    </ClInclude>
    <ClInclude Include="Assets\IAsset.h">
      <Filter>Assets</Filter>
    </ClInclude>
    <ClInclude Include="Assets\ScriptableObject.h">
      <Filter>Assets</Filter>
    </ClInclude>
    <ClInclude Include="Debug.h" />
    <ClInclude Include="DebugConsole.h" />
    <ClInclude Include="EditorPopups.h" />
    <ClInclude Include="EditorPopupTemplate.h" />
    <ClInclude Include="EngineMain.h" />
    <ClInclude Include="External\cgltf.h">
      <Filter>External</Filter>
    </ClInclude>
    <ClInclude Include="External\glad\glad.h">
      <Filter>External\glad</Filter>
    </ClInclude>
    <ClInclude Include="External\imconfig.h">
      <Filter>External</Filter>
    </ClInclude>
    <ClInclude Include="External\imgui.h">
      <Filter>External</Filter>
    </ClInclude>
    <ClInclude Include="External\imgui_impl_opengl3.h">
      <Filter>External</Filter>
    </ClInclude>
    <ClInclude Include="External\imgui_impl_opengl3_loader.h">
      <Filter>External</Filter>
    </ClInclude>
    <ClInclude Include="External\imgui_internal.h">
      <Filter>External</Filter>
    </ClInclude>
    <ClInclude Include="External\ImGuizmo.h">
      <Filter>External</Filter>
    </ClInclude>
    <ClInclude Include="External\imnodes.h">
      <Filter>External</Filter>
    </ClInclude>
    <ClInclude Include="External\imnodes_internal.h">
      <Filter>External</Filter>
    </ClInclude>
    <ClInclude Include="External\ImSequencer.h">
      <Filter>External</Filter>
    </ClInclude>
    <ClInclude Include="External\imstb_rectpack.h">
      <Filter>External</Filter>
    </ClInclude>
    <ClInclude Include="External\imstb_textedit.h">
      <Filter>External</Filter>
    </ClInclude>
    <ClInclude Include="External\imstb_truetype.h">
      <Filter>External</Filter>
    </ClInclude>
    <ClInclude Include="External\json.hpp">
      <Filter>External</Filter>
    </ClInclude>
    <ClInclude Include="External\KHR\khrplatform.h">
      <Filter>External\KHR</Filter>
    </ClInclude>
    <ClInclude Include="External\stb_image.h">
      <Filter>External</Filter>
    </ClInclude>
    <ClInclude Include="External\stb_image_write.h">
      <Filter>External</Filter>
    </ClInclude>
    <ClInclude Include="Framework\AddClassToFactory.h">
      <Filter>Framework</Filter>
    </ClInclude>
    <ClInclude Include="Framework\ArenaAllocator.h">
      <Filter>Framework</Filter>
    </ClInclude>
    <ClInclude Include="Framework\ArenaStd.h">
      <Filter>Framework</Filter>
    </ClInclude>
    <ClInclude Include="Framework\ArrayReflection.h">
      <Filter>Framework</Filter>
    </ClInclude>
    <ClInclude Include="Framework\BinaryReadWrite.h">
      <Filter>Framework</Filter>
    </ClInclude>
    <ClInclude Include="Framework\BoolButton.h">
      <Filter>Framework</Filter>
    </ClInclude>
    <ClInclude Include="Framework\BVH.h">
      <Filter>Framework</Filter>
    </ClInclude>
    <ClInclude Include="Framework\Bytepacker.h">
      <Filter>Framework</Filter>
    </ClInclude>
    <ClInclude Include="Framework\ClassBase.h">
      <Filter>Framework</Filter>
    </ClInclude>
    <ClInclude Include="Framework\ClassTypeInfo.h">
      <Filter>Framework</Filter>
    </ClInclude>
    <ClInclude Include="Framework\ClassTypePtr.h">
      <Filter>Framework</Filter>
    </ClInclude>
    <ClInclude Include="Framework\Config.h">
      <Filter>Framework</Filter>
    </ClInclude>
    <ClInclude Include="Framework\ConsoleCmdGroup.h">
      <Filter>Framework</Filter>
    </ClInclude>
    <ClInclude Include="Framework\Curve.h">
      <Filter>Framework</Filter>
    </ClInclude>
    <ClInclude Include="Framework\CurveEditorImgui.h">
      <Filter>Framework</Filter>
    </ClInclude>
    <ClInclude Include="Framework\DictParser.h">
      <Filter>Framework</Filter>
    </ClInclude>
    <ClInclude Include="Framework\DictWriter.h">
      <Filter>Framework</Filter>
    </ClInclude>
    <ClInclude Include="Framework\EnumDefReflection.h">
      <Filter>Framework</Filter>
    </ClInclude>
    <ClInclude Include="Framework\Factory.h">
      <Filter>Framework</Filter>
    </ClInclude>
    <ClInclude Include="Framework\Files.h">
      <Filter>Framework</Filter>
    </ClInclude>
    <ClInclude Include="Framework\FnFactory.h">
      <Filter>Framework</Filter>
    </ClInclude>
    <ClInclude Include="Framework\FreeList.h">
      <Filter>Framework</Filter>
    </ClInclude>
    <ClInclude Include="Framework\GradientEditorImgui.h">
      <Filter>Framework</Filter>
    </ClInclude>
    <ClInclude Include="Framework\Guid.h">
      <Filter>Framework</Filter>
    </ClInclude>
    <ClInclude Include="Framework\Handle.h">
      <Filter>Framework</Filter>
    </ClInclude>
    <ClInclude Include="Framework\Hashmap.h">
      <Filter>Framework</Filter>
    </ClInclude>
    <ClInclude Include="Framework\Hashset.h">
      <Filter>Framework</Filter>
    </ClInclude>
    <ClInclude Include="Framework\InlineVec.h">
      <Filter>Framework</Filter>
    </ClInclude>
    <ClInclude Include="Framework\InterfaceTypeInfo.h">
      <Filter>Framework</Filter>
    </ClInclude>
    <ClInclude Include="Framework\Jobs.h">
      <Filter>Framework</Filter>
    </ClInclude>
    <ClInclude Include="Framework\Log.h">
      <Filter>Framework</Filter>
    </ClInclude>
    <ClInclude Include="Framework\LuaColor.h">
      <Filter>Framework</Filter>
    </ClInclude>
    <ClInclude Include="Framework\MapUtil.h">
      <Filter>Framework</Filter>
    </ClInclude>
    <ClInclude Include="Framework\MathLib.h">
      <Filter>Framework</Filter>
    </ClInclude>
    <ClInclude Include="Framework\MemArena.h">
      <Filter>Framework</Filter>
    </ClInclude>
    <ClInclude Include="Framework\MeshBuilder.h">
      <Filter>Framework</Filter>
    </ClInclude>
    <ClInclude Include="Framework\MeshBuilderImpl.h">
      <Filter>Framework</Filter>
    </ClInclude>
    <ClInclude Include="Framework\MulticastDelegate.h">
      <Filter>Framework</Filter>
    </ClInclude>
    <ClInclude Include="Framework\MyImguiLib.h">
      <Filter>Framework</Filter>
    </ClInclude>
    <ClInclude Include="Framework\NodeMenuItem.h">
      <Filter>Framework</Filter>
    </ClInclude>
    <ClInclude Include="Framework\PoolAllocator.h">
      <Filter>Framework</Filter>
    </ClInclude>
    <ClInclude Include="Framework\Profiler.h">
      <Filter>Framework</Filter>
    </ClInclude>
    <ClInclude Include="Framework\ProfilerUI.h">
      <Filter>Framework</Filter>
    </ClInclude>
    <ClInclude Include="Framework\PropertyEd.h">
      <Filter>Framework</Filter>
    </ClInclude>
    <ClInclude Include="Framework\PropertyPtr.h">
      <Filter>Framework</Filter>
    </ClInclude>
    <ClInclude Include="Framework\PropertyUtil.h">
      <Filter>Framework</Filter>
    </ClInclude>
    <ClInclude Include="Framework\Range.h">
      <Filter>Framework</Filter>
    </ClInclude>
    <ClInclude Include="Framework\Rect2d.h">
      <Filter>Framework</Filter>
    </ClInclude>
    <ClInclude Include="Framework\Reflection2.h">
      <Filter>Framework</Filter>
    </ClInclude>
    <ClInclude Include="Framework\ReflectionMacros.h">
      <Filter>Framework</Filter>
    </ClInclude>
    <ClInclude Include="Framework\ReflectionProp.h">
      <Filter>Framework</Filter>
    </ClInclude>
    <ClInclude Include="Framework\RingBuffer.h">
      <Filter>Framework</Filter>
    </ClInclude>
    <ClInclude Include="Framework\ScopedBoolean.h">
      <Filter>Framework</Filter>
    </ClInclude>
    <ClInclude Include="Framework\SerializedForDiffing.h">
      <Filter>Framework</Filter>
    </ClInclude>
    <ClInclude Include="Framework\Serializer.h">
      <Filter>Framework</Filter>
    </ClInclude>
    <ClInclude Include="Framework\SerializerBinary.h">
      <Filter>Framework</Filter>
    </ClInclude>
    <ClInclude Include="Framework\SerializerJson.h">
      <Filter>Framework</Filter>
    </ClInclude>
    <ClInclude Include="Framework\SerializerJson2.h">
      <Filter>Framework</Filter>
    </ClInclude>
    <ClInclude Include="Framework\SharedPtr.h">
      <Filter>Framework</Filter>
    </ClInclude>
    <ClInclude Include="Framework\StringName.h">
      <Filter>Framework</Filter>
    </ClInclude>
    <ClInclude Include="Framework\StringUtil.h">
      <Filter>Framework</Filter>
    </ClInclude>
    <ClInclude Include="Framework\StringUtils.h">
      <Filter>Framework</Filter>
    </ClInclude>
    <ClInclude Include="Framework\StructReflection.h">
      <Filter>Framework</Filter>
    </ClInclude>
    <ClInclude Include="Framework\SysPrint.h">
      <Filter>Framework</Filter>
    </ClInclude>
    <ClInclude Include="Framework\UniquePtrReflection.h">
      <Filter>Framework</Filter>
    </ClInclude>
    <ClInclude Include="Framework\Util.h">
      <Filter>Framework</Filter>
    </ClInclude>
    <ClInclude Include="Framework\VectorReflect2.h">
      <Filter>Framework</Filter>
    </ClInclude>
    <ClInclude Include="Game\BaseUpdater.h">
      <Filter>Game</Filter>
    </ClInclude>
    <ClInclude Include="Game\BikeDemo\BikeHeaders.h">
      <Filter>Game\BikeDemo</Filter>
    </ClInclude>
    <ClInclude Include="Game\CarGame\CarGame.h">
      <Filter>Game\CarGame</Filter>
    </ClInclude>
    <ClInclude Include="Game\CarGame\CarGui.h">
      <Filter>Game\CarGame</Filter>
    </ClInclude>
    <ClInclude Include="Game\Components\ArrowComponent.h">
      <Filter>Game\Components</Filter>
    </ClInclude>
    <ClInclude Include="Game\Components\BillboardComponent.h">
      <Filter>Game\Components</Filter>
    </ClInclude>
    <ClInclude Include="Game\Components\CameraComponent.h">
      <Filter>Game\Components</Filter>
    </ClInclude>
    <ClInclude Include="Game\Components\DecalComponent.h">
      <Filter>Game\Components</Filter>
    </ClInclude>
    <ClInclude Include="Game\Components\GameAnimationMgr.h">
      <Filter>Game\Components</Filter>
    </ClInclude>
    <ClInclude Include="Game\Components\GraphCurveComponent.h">
      <Filter>Game\Components</Filter>
    </ClInclude>
    <ClInclude Include="Game\Components\GroupComponent.h">
      <Filter>Game\Components</Filter>
    </ClInclude>
    <ClInclude Include="Game\Components\LightComponents.h">
      <Filter>Game\Components</Filter>
    </ClInclude>
    <ClInclude Include="Game\Components\MeshbuilderComponent.h">
      <Filter>Game\Components</Filter>
    </ClInclude>
    <ClInclude Include="Game\Components\MeshComponent.h">
      <Filter>Game\Components</Filter>
    </ClInclude>
    <ClInclude Include="Game\Components\NavComps.h">
      <Filter>Game\Components</Filter>
    </ClInclude>
    <ClInclude Include="Game\Components\ParticleComponent.h">
      <Filter>Game\Components</Filter>
    </ClInclude>
    <ClInclude Include="Game\Components\ParticleMgr.h">
      <Filter>Game\Components</Filter>
    </ClInclude>
    <ClInclude Include="Game\Components\ParticleSystemComponent.h">
      <Filter>Game\Components</Filter>
    </ClInclude>
    <ClInclude Include="Game\Components\PhysicsComponents.h">
      <Filter>Game\Components</Filter>
    </ClInclude>
    <ClInclude Include="Game\Components\PostProcessComponent.h">
      <Filter>Game\Components</Filter>
    </ClInclude>
    <ClInclude Include="Game\Components\PostProcessEditorUI.h">
      <Filter>Game\Components</Filter>
    </ClInclude>
    <ClInclude Include="Game\Components\PrefabAssetComponent.h">
      <Filter>Game\Components</Filter>
    </ClInclude>
    <ClInclude Include="Game\Components\RagdollComponent.h">
      <Filter>Game\Components</Filter>
    </ClInclude>
    <ClInclude Include="Game\Components\RagdollConfigComponent.h">
      <Filter>Game\Components</Filter>
    </ClInclude>
    <ClInclude Include="Game\Components\RagdollUtil.h">
      <Filter>Game\Components</Filter>
    </ClInclude>
    <ClInclude Include="Game\Components\RagdollGizmoMesh.h">
      <Filter>Game\Components</Filter>
    </ClInclude>
    <ClInclude Include="Game\Components\RagdollPhysicsBodyComponent.h">
      <Filter>Game\Components</Filter>
    </ClInclude>
    <ClInclude Include="Game\Components\RagdollJointComponent.h">
      <Filter>Game\Components</Filter>
    </ClInclude>
    <ClInclude Include="Game\Components\RagdollSetupComponent.h">
      <Filter>Game\Components</Filter>
    </ClInclude>
    <ClInclude Include="Game\Components\RoadNetworkComponent.h">
      <Filter>Game\Components</Filter>
    </ClInclude>
    <ClInclude Include="Game\Components\SpawnerComponenth.h">
      <Filter>Game\Components</Filter>
    </ClInclude>
    <ClInclude Include="Game\Components\SpringBoneManagerComponent.h">
      <Filter>Game\Components</Filter>
    </ClInclude>
    <ClInclude Include="Game\EditorAddMenu.h">
      <Filter>Game</Filter>
    </ClInclude>
    <ClInclude Include="Game\Entities\BikeEntity.h">
      <Filter>Game\Entities</Filter>
    </ClInclude>
    <ClInclude Include="Game\Entities\BikeSystem.h">
      <Filter>Game\Entities</Filter>
    </ClInclude>
    <ClInclude Include="Game\Entities\CharacterController.h">
      <Filter>Game\Entities</Filter>
    </ClInclude>
    <ClInclude Include="Game\Entities\Player.h">
      <Filter>Game\Entities</Filter>
    </ClInclude>
    <ClInclude Include="Game\Entities\PlayerAnimDriver.h">
      <Filter>Game\Entities</Filter>
    </ClInclude>
    <ClInclude Include="Game\Entity.h">
      <Filter>Game</Filter>
    </ClInclude>
    <ClInclude Include="Game\EntityComponent.h">
      <Filter>Game</Filter>
    </ClInclude>
    <ClInclude Include="Game\EntityPtr.h">
      <Filter>Game</Filter>
    </ClInclude>
    <ClInclude Include="Game\GameEventBus.h">
      <Filter>Game</Filter>
    </ClInclude>
    <ClInclude Include="Game\GameModes\MainMenuMode.h">
      <Filter>Game\GameModes</Filter>
    </ClInclude>
    <ClInclude Include="Game\GameplayStatic.h">
      <Filter>Game</Filter>
    </ClInclude>
    <ClInclude Include="Game\LevelAssets.h">
      <Filter>Game</Filter>
    </ClInclude>
    <ClInclude Include="Game\ObsGame\ObsGameHeaders.h">
      <Filter>Game\ObsGame</Filter>
    </ClInclude>
    <ClInclude Include="Game\Particles\ParticleAsset.h">
      <Filter>Game\Particles</Filter>
    </ClInclude>
    <ClInclude Include="Game\Particles\ParticleEditorUI.h">
      <Filter>Game\Particles</Filter>
    </ClInclude>
    <ClInclude Include="Game\Particles\ParticleModules.h">
      <Filter>Game\Particles</Filter>
    </ClInclude>
    <ClInclude Include="Game\Particles\ParticleTypes.h">
      <Filter>Game\Particles</Filter>
    </ClInclude>
    <ClInclude Include="Game\Prefab.h">
      <Filter>Game</Filter>
    </ClInclude>
    <ClInclude Include="Game\TopDownShooter\TDChest.h">
      <Filter>Game\TopDownShooter</Filter>
    </ClInclude>
    <ClInclude Include="Game\TopDownShooter\TopDownPlayer.h">
      <Filter>Game\TopDownShooter</Filter>
    </ClInclude>
    <ClInclude Include="Game\TopDownShooter\TopDownShooterGame.h">
      <Filter>Game\TopDownShooter</Filter>
    </ClInclude>
    <ClInclude Include="Game\TP\DefaultGameHeader.h">
      <Filter>Game\TP</Filter>
    </ClInclude>
    <ClInclude Include="Game\TP\TPGame.h">
      <Filter>Game\TP</Filter>
    </ClInclude>
    <ClInclude Include="GameEngineLocal.h" />
    <ClInclude Include="GameEnginePublic.h" />
    <ClInclude Include="IEditorTool.h" />
    <ClInclude Include="Input\InputSystem.h">
      <Filter>Input</Filter>
    </ClInclude>
    <ClInclude Include="ITestRunner.h" />
    <ClInclude Include="Level.h" />
    <ClInclude Include="LevelEditor\Commands.h">
      <Filter>LevelEditor</Filter>
    </ClInclude>
    <ClInclude Include="LevelEditor\DragDetector.h">
      <Filter>LevelEditor</Filter>
    </ClInclude>
    <ClInclude Include="LevelEditor\DragDropPreview.h">
      <Filter>LevelEditor</Filter>
    </ClInclude>
    <ClInclude Include="LevelEditor\EditorDocLocal.h">
      <Filter>LevelEditor</Filter>
    </ClInclude>
    <ClInclude Include="LevelEditor\EditorInputs.h">
      <Filter>LevelEditor</Filter>
    </ClInclude>
    <ClInclude Include="LevelEditor\EditorModes.h">
      <Filter>LevelEditor</Filter>
    </ClInclude>
    <ClInclude Include="LevelEditor\EditorRecents.h">
      <Filter>LevelEditor</Filter>
    </ClInclude>
    <ClInclude Include="LevelEditor\EditorUILayout.h">
      <Filter>LevelEditor</Filter>
    </ClInclude>
    <ClInclude Include="LevelEditor\EdPropertyGrid.h">
      <Filter>LevelEditor</Filter>
    </ClInclude>
    <ClInclude Include="LevelEditor\IEditorApi.h">
      <Filter>LevelEditor</Filter>
    </ClInclude>
    <ClInclude Include="LevelEditor\IInputReciever.h">
      <Filter>LevelEditor</Filter>
    </ClInclude>
    <ClInclude Include="LevelEditor\LevelEditorCamera.h">
      <Filter>LevelEditor</Filter>
    </ClInclude>
    <ClInclude Include="LevelEditor\ManipulateTransformTool.h">
      <Filter>LevelEditor</Filter>
    </ClInclude>
    <ClInclude Include="LevelEditor\ObjectOutlineFilter.h">
      <Filter>LevelEditor</Filter>
    </ClInclude>
    <ClInclude Include="LevelEditor\OrthoCamera.h">
      <Filter>LevelEditor</Filter>
    </ClInclude>
    <ClInclude Include="LevelEditor\PropertyEditors.h">
      <Filter>LevelEditor</Filter>
    </ClInclude>
    <ClInclude Include="LevelEditor\RoadBuilderTool.h">
      <Filter>LevelEditor</Filter>
    </ClInclude>
    <ClInclude Include="LevelEditor\SelectionState.h">
      <Filter>LevelEditor</Filter>
    </ClInclude>
    <ClInclude Include="LevelEditor\ViewportHandles.h">
      <Filter>LevelEditor</Filter>
    </ClInclude>
    <ClInclude Include="LevelSerialization\SerializeNew.h">
      <Filter>LevelSerialization</Filter>
    </ClInclude>
    <ClInclude Include="Logging.h" />
    <ClInclude Include="MyGame\fps\AnimGraphTester.h">
      <Filter>MyGame\fps</Filter>
    </ClInclude>
    <ClInclude Include="MyGame\fps\AnimGraphTesterEditorUI.h">
      <Filter>MyGame\fps</Filter>
    </ClInclude>
    <ClInclude Include="MyGame\fps\fpsApp.h">
      <Filter>MyGame\fps</Filter>
    </ClInclude>
    <ClInclude Include="MyGame\fps\fpsDebugCamera.h">
      <Filter>MyGame\fps</Filter>
    </ClInclude>
    <ClInclude Include="MyGame\fps\fpsObjects.h">
      <Filter>MyGame\fps</Filter>
    </ClInclude>
    <ClInclude Include="MyGame\fps\fpsTestObjects.h">
      <Filter>MyGame\fps</Filter>
    </ClInclude>
    <ClInclude Include="Navigation\LevelNavUtil.h">
      <Filter>Navigation</Filter>
    </ClInclude>
    <ClInclude Include="Navigation\NavAgentComponent.h">
      <Filter>Navigation</Filter>
    </ClInclude>
    <ClInclude Include="Navigation\NavMeshBaker.h">
      <Filter>Navigation</Filter>
    </ClInclude>
    <ClInclude Include="Navigation\NavMeshDebugDraw.h">
      <Filter>Navigation</Filter>
    </ClInclude>
    <ClInclude Include="Navigation\NavMeshSettingsComponent.h">
      <Filter>Navigation</Filter>
    </ClInclude>
    <ClInclude Include="Navigation\NavMeshVolumeComponent.h">
      <Filter>Navigation</Filter>
    </ClInclude>
    <ClInclude Include="Navigation\RuntimeNavManager.h">
      <Filter>Navigation</Filter>
    </ClInclude>
    <ClInclude Include="Physics\ChannelsAndPresets.h">
      <Filter>Physics</Filter>
    </ClInclude>
    <ClInclude Include="Physics\Physics2.h">
      <Filter>Physics</Filter>
    </ClInclude>
    <ClInclude Include="Physics\Physics2Local.h">
      <Filter>Physics</Filter>
    </ClInclude>
    <ClInclude Include="Render\DrawLocal.h">
      <Filter>Render</Filter>
    </ClInclude>
    <ClInclude Include="Render\DrawPublic.h">
      <Filter>Render</Filter>
    </ClInclude>
    <ClInclude Include="Render\DrawTypedefs.h">
      <Filter>Render</Filter>
    </ClInclude>
    <ClInclude Include="Render\Dx11\Dx11Local.h">
      <Filter>Render\Dx11</Filter>
    </ClInclude>
    <ClInclude Include="Render\DynamicMaterialPtr.h">
      <Filter>Render</Filter>
    </ClInclude>
    <ClInclude Include="Render\Editor\TextureEditor.h">
      <Filter>Render\Editor</Filter>
    </ClInclude>
    <ClInclude Include="Render\EnvProbe.h">
      <Filter>Render</Filter>
    </ClInclude>
    <ClInclude Include="Render\Frustum.h">
      <Filter>Render</Filter>
    </ClInclude>
    <ClInclude Include="Render\GpuAllocator.h">
      <Filter>Render</Filter>
    </ClInclude>
    <ClInclude Include="Render\GpuCullingTest.h">
      <Filter>Render</Filter>
    </ClInclude>
    <ClInclude Include="Render\IGraphicsDevice.h">
      <Filter>Render</Filter>
    </ClInclude>
    <ClInclude Include="Render\MaterialLocal.h">
      <Filter>Render</Filter>
    </ClInclude>
    <ClInclude Include="Render\MaterialPublic.h">
      <Filter>Render</Filter>
    </ClInclude>
    <ClInclude Include="Render\Meshlet.h">
      <Filter>Render</Filter>
    </ClInclude>
    <ClInclude Include="Render\Model.h">
      <Filter>Render</Filter>
    </ClInclude>
    <ClInclude Include="Render\ModelManager.h">
      <Filter>Render</Filter>
    </ClInclude>
    <ClInclude Include="Render\RmlUiRenderInterface.h">
      <Filter>Render</Filter>
    </ClInclude>
    <ClInclude Include="Render\PostProcessSettings.h">
      <Filter>Render</Filter>
    </ClInclude>
    <ClInclude Include="Render\PPManager.h">
      <Filter>Render</Filter>
    </ClInclude>
    <ClInclude Include="Render\RectPackerUtil.h">
      <Filter>Render</Filter>
    </ClInclude>
    <ClInclude Include="Render\Render_Decal.h">
      <Filter>Render</Filter>
    </ClInclude>
    <ClInclude Include="Render\Render_Light.h">
      <Filter>Render</Filter>
    </ClInclude>
    <ClInclude Include="Render\Render_Sun.h">
      <Filter>Render</Filter>
    </ClInclude>
    <ClInclude Include="Render\Render_Volumes.h">
      <Filter>Render</Filter>
    </ClInclude>
    <ClInclude Include="Render\RenderConfigVars.h">
      <Filter>Render</Filter>
    </ClInclude>
    <ClInclude Include="Render\RenderExtra.h">
      <Filter>Render</Filter>
    </ClInclude>
    <ClInclude Include="Render\RenderGiManager.h">
      <Filter>Render</Filter>
    </ClInclude>
    <ClInclude Include="Render\RenderObj.h">
      <Filter>Render</Filter>
    </ClInclude>
    <ClInclude Include="Render\RenderScene.h">
      <Filter>Render</Filter>
    </ClInclude>
    <ClInclude Include="Render\RenderWindow.h">
      <Filter>Render</Filter>
    </ClInclude>
    <ClInclude Include="Render\RT\RaytraceTest.h">
      <Filter>Render\RT</Filter>
    </ClInclude>
    <ClInclude Include="Render\ShaderSourceLoader.h">
      <Filter>Render</Filter>
    </ClInclude>
    <ClInclude Include="Render\SpirvCompile.h">
      <Filter>Render</Filter>
    </ClInclude>
    <ClInclude Include="Render\Texture.h">
      <Filter>Render</Filter>
    </ClInclude>
    <ClInclude Include="Render\ViewSetup.h">
      <Filter>Render</Filter>
    </ClInclude>
    <ClInclude Include="Scripting\LuaTestRunner.h">
      <Filter>Scripting</Filter>
    </ClInclude>
    <ClInclude Include="Scripting\LuaTransform.h">
      <Filter>Scripting</Filter>
    </ClInclude>
    <ClInclude Include="Scripting\LuaVecQuat.h">
      <Filter>Scripting</Filter>
    </ClInclude>
    <ClInclude Include="Scripting\ScriptFunctionCodegen.h">
      <Filter>Scripting</Filter>
    </ClInclude>
    <ClInclude Include="Scripting\ScriptingStdLib.h">
      <Filter>Scripting</Filter>
    </ClInclude>
    <ClInclude Include="Scripting\ScriptManager.h">
      <Filter>Scripting</Filter>
    </ClInclude>
    <ClInclude Include="Sound\SoundComponent.h">
      <Filter>Sound</Filter>
    </ClInclude>
    <ClInclude Include="Sound\SoundLocal.h">
      <Filter>Sound</Filter>
    </ClInclude>
    <ClInclude Include="Sound\SoundPublic.h">
      <Filter>Sound</Filter>
    </ClInclude>
    <ClInclude Include="Testheader.h" />
    <ClInclude Include="UI\BaseGUI.h">
      <Filter>UI</Filter>
    </ClInclude>
    <ClInclude Include="UI\Gui.h">
      <Filter>UI</Filter>
    </ClInclude>
    <ClInclude Include="UI\GUISystemPublic.h">
      <Filter>UI</Filter>
    </ClInclude>
    <ClInclude Include="UI\OnScreenLogGui.h">
      <Filter>UI</Filter>
    </ClInclude>
    <ClInclude Include="UI\RmlUi\RmlUiRenderHook.h">
      <Filter>UI\RmlUi</Filter>
    </ClInclude>
    <ClInclude Include="UI\RmlUi\RmlUiSystem.h">
      <Filter>UI\RmlUi</Filter>
    </ClInclude>
    <ClInclude Include="UI\RmlUi\RmlUiSystemInterface.h">
      <Filter>UI\RmlUi</Filter>
    </ClInclude>
    <ClInclude Include="UI\UIBuilder.h">
      <Filter>UI</Filter>
    </ClInclude>
    <ClInclude Include="UI\UILoader.h">
      <Filter>UI</Filter>
    </ClInclude>
    <ClInclude Include="UI\Widgets\EditorCube.h">
      <Filter>UI\Widgets</Filter>
    </ClInclude>
    <ClInclude Include="User_Camera.h" />
  </ItemGroup>
  <ItemGroup>
    <None Include="..\.clang-format">
      <Filter>..</Filter>
    </None>
  </ItemGroup>
</Project>